// !$*UTF8*$!
{
	archiveVersion = 1;
	classes = {
	};
	objectVersion = 52;
	objects = {

/* Begin PBXBuildFile section */
		EF3046A021C9EFAA00967834 /* AppDelegate.swift in Sources */ = {isa = PBXBuildFile; fileRef = EF30469F21C9EFAA00967834 /* AppDelegate.swift */; };
		EF3046A221C9EFAA00967834 /* MainViewController.swift in Sources */ = {isa = PBXBuildFile; fileRef = EF3046A121C9EFAA00967834 /* MainViewController.swift */; };
		EF3046A521C9EFAA00967834 /* Main.storyboard in Resources */ = {isa = PBXBuildFile; fileRef = EF3046A321C9EFAA00967834 /* Main.storyboard */; };
		EF3046A721C9EFAF00967834 /* Assets.xcassets in Resources */ = {isa = PBXBuildFile; fileRef = EF3046A621C9EFAF00967834 /* Assets.xcassets */; };
		EF3046AA21C9EFAF00967834 /* LaunchScreen.storyboard in Resources */ = {isa = PBXBuildFile; fileRef = EF3046A821C9EFAF00967834 /* LaunchScreen.storyboard */; };
		EF3046B521CA14AB00967834 /* GNQueue.swift in Sources */ = {isa = PBXBuildFile; fileRef = EF3046B221CA14AA00967834 /* GNQueue.swift */; };
		EF3046B621CA14AB00967834 /* MyCellData.swift in Sources */ = {isa = PBXBuildFile; fileRef = EF3046B421CA14AB00967834 /* MyCellData.swift */; };
		EF3047AE21CA159600967834 /* Foundation.framework in Frameworks */ = {isa = PBXBuildFile; fileRef = EF3047AD21CA159600967834 /* Foundation.framework */; };
		EF3047B021CA15A900967834 /* MessageUI.framework in Frameworks */ = {isa = PBXBuildFile; fileRef = EF3047AF21CA15A900967834 /* MessageUI.framework */; };
		EF3047B221CA15B200967834 /* QuartzCore.framework in Frameworks */ = {isa = PBXBuildFile; fileRef = EF3047B121CA15B200967834 /* QuartzCore.framework */; };
		EF3047B421CA15BA00967834 /* CoreMedia.framework in Frameworks */ = {isa = PBXBuildFile; fileRef = EF3047B321CA15BA00967834 /* CoreMedia.framework */; };
		EF3047B621CA15C400967834 /* CoreFoundation.framework in Frameworks */ = {isa = PBXBuildFile; fileRef = EF3047B521CA15C400967834 /* CoreFoundation.framework */; };
		EF3047B821CA15D000967834 /* AudioToolbox.framework in Frameworks */ = {isa = PBXBuildFile; fileRef = EF3047B721CA15CF00967834 /* AudioToolbox.framework */; };
		EF3047BA21CA15D800967834 /* AVFoundation.framework in Frameworks */ = {isa = PBXBuildFile; fileRef = EF3047B921CA15D800967834 /* AVFoundation.framework */; };
		EF3047BC21CA15E000967834 /* SystemConfiguration.framework in Frameworks */ = {isa = PBXBuildFile; fileRef = EF3047BB21CA15E000967834 /* SystemConfiguration.framework */; };
		EF3047BE21CA15EB00967834 /* libxml2.2.tbd in Frameworks */ = {isa = PBXBuildFile; fileRef = EF3047BD21CA15EB00967834 /* libxml2.2.tbd */; };
		EF3047C021CA15F500967834 /* CoreTelephony.framework in Frameworks */ = {isa = PBXBuildFile; fileRef = EF3047BF21CA15F500967834 /* CoreTelephony.framework */; };
		EF3047C221CA160000967834 /* CoreLocation.framework in Frameworks */ = {isa = PBXBuildFile; fileRef = EF3047C121CA160000967834 /* CoreLocation.framework */; };
		EF3047C421CA160C00967834 /* CoreGraphics.framework in Frameworks */ = {isa = PBXBuildFile; fileRef = EF3047C321CA160C00967834 /* CoreGraphics.framework */; };
		EF3047C621CA161900967834 /* AdSupport.framework in Frameworks */ = {isa = PBXBuildFile; fileRef = EF3047C521CA161900967834 /* AdSupport.framework */; };
		EF3047C821CA162100967834 /* UIKit.framework in Frameworks */ = {isa = PBXBuildFile; fileRef = EF3047C721CA162100967834 /* UIKit.framework */; };
		EF30487921CA17A400967834 /* GNAdSDK.xcframework in Frameworks */ = {isa = PBXBuildFile; fileRef = EF3047CC21CA17A400967834 /* GNAdSDK.xcframework */; };
		EF30487B21CA17A400967834 /* Reachability.m in Sources */ = {isa = PBXBuildFile; fileRef = EF3047D321CA17A400967834 /* Reachability.m */; };
		EF30487C21CA17A400967834 /* DDXMLElement.m in Sources */ = {isa = PBXBuildFile; fileRef = EF3047D821CA17A400967834 /* DDXMLElement.m */; };
		EF30487D21CA17A400967834 /* DDXMLElementAdditions.m in Sources */ = {isa = PBXBuildFile; fileRef = EF3047DB21CA17A400967834 /* DDXMLElementAdditions.m */; };
		EF30487E21CA17A400967834 /* DDXMLNode.m in Sources */ = {isa = PBXBuildFile; fileRef = EF3047DC21CA17A400967834 /* DDXMLNode.m */; };
		EF30487F21CA17A400967834 /* DDXMLDocument.m in Sources */ = {isa = PBXBuildFile; fileRef = EF3047DD21CA17A400967834 /* DDXMLDocument.m */; };
		EF30488021CA17A400967834 /* NSString+DDXML.m in Sources */ = {isa = PBXBuildFile; fileRef = EF3047E321CA17A400967834 /* NSString+DDXML.m */; };
		EF3048BD21CA18B200967834 /* ImageTableViewCell.swift in Sources */ = {isa = PBXBuildFile; fileRef = EF3048BB21CA18B200967834 /* ImageTableViewCell.swift */; };
		EF3048BE21CA18B200967834 /* ImageTableViewController.swift in Sources */ = {isa = PBXBuildFile; fileRef = EF3048BC21CA18B200967834 /* ImageTableViewController.swift */; };
		EF5D903C24E3E7DE00857B13 /* AppTrackingTransparency.framework in Frameworks */ = {isa = PBXBuildFile; fileRef = EF5D903B24E3E7DE00857B13 /* AppTrackingTransparency.framework */; };
		EFC52D4721D5AE9B003F4EF4 /* VideoTableViewCell.swift in Sources */ = {isa = PBXBuildFile; fileRef = EFC52D4521D5AE9B003F4EF4 /* VideoTableViewCell.swift */; };
		EFC52D4821D5AE9B003F4EF4 /* VideoTableViewController.swift in Sources */ = {isa = PBXBuildFile; fileRef = EFC52D4621D5AE9B003F4EF4 /* VideoTableViewController.swift */; };
		EFC52D4A21D5D483003F4EF4 /* SimpleUIButton.swift in Sources */ = {isa = PBXBuildFile; fileRef = EFC52D4921D5D483003F4EF4 /* SimpleUIButton.swift */; };
		EFC52D4C21D5D792003F4EF4 /* SimpleViewController.swift in Sources */ = {isa = PBXBuildFile; fileRef = EFC52D4B21D5D792003F4EF4 /* SimpleViewController.swift */; };
/* End PBXBuildFile section */

/* Begin PBXFileReference section */
		EF30469C21C9EFAA00967834 /* GNAdSampleNativeAd.app */ = {isa = PBXFileReference; explicitFileType = wrapper.application; includeInIndex = 0; path = GNAdSampleNativeAd.app; sourceTree = BUILT_PRODUCTS_DIR; };
		EF30469F21C9EFAA00967834 /* AppDelegate.swift */ = {isa = PBXFileReference; lastKnownFileType = sourcecode.swift; path = AppDelegate.swift; sourceTree = "<group>"; };
		EF3046A121C9EFAA00967834 /* MainViewController.swift */ = {isa = PBXFileReference; lastKnownFileType = sourcecode.swift; path = MainViewController.swift; sourceTree = "<group>"; };
		EF3046A421C9EFAA00967834 /* Base */ = {isa = PBXFileReference; lastKnownFileType = file.storyboard; name = Base; path = Base.lproj/Main.storyboard; sourceTree = "<group>"; };
		EF3046A621C9EFAF00967834 /* Assets.xcassets */ = {isa = PBXFileReference; lastKnownFileType = folder.assetcatalog; path = Assets.xcassets; sourceTree = "<group>"; };
		EF3046A921C9EFAF00967834 /* Base */ = {isa = PBXFileReference; lastKnownFileType = file.storyboard; name = Base; path = Base.lproj/LaunchScreen.storyboard; sourceTree = "<group>"; };
		EF3046AB21C9EFAF00967834 /* Info.plist */ = {isa = PBXFileReference; lastKnownFileType = text.plist.xml; path = Info.plist; sourceTree = "<group>"; };
		EF3046B221CA14AA00967834 /* GNQueue.swift */ = {isa = PBXFileReference; fileEncoding = 4; lastKnownFileType = sourcecode.swift; path = GNQueue.swift; sourceTree = "<group>"; };
		EF3046B421CA14AB00967834 /* MyCellData.swift */ = {isa = PBXFileReference; fileEncoding = 4; lastKnownFileType = sourcecode.swift; path = MyCellData.swift; sourceTree = "<group>"; };
		EF3047AD21CA159600967834 /* Foundation.framework */ = {isa = PBXFileReference; lastKnownFileType = wrapper.framework; name = Foundation.framework; path = System/Library/Frameworks/Foundation.framework; sourceTree = SDKROOT; };
		EF3047AF21CA15A900967834 /* MessageUI.framework */ = {isa = PBXFileReference; lastKnownFileType = wrapper.framework; name = MessageUI.framework; path = System/Library/Frameworks/MessageUI.framework; sourceTree = SDKROOT; };
		EF3047B121CA15B200967834 /* QuartzCore.framework */ = {isa = PBXFileReference; lastKnownFileType = wrapper.framework; name = QuartzCore.framework; path = System/Library/Frameworks/QuartzCore.framework; sourceTree = SDKROOT; };
		EF3047B321CA15BA00967834 /* CoreMedia.framework */ = {isa = PBXFileReference; lastKnownFileType = wrapper.framework; name = CoreMedia.framework; path = System/Library/Frameworks/CoreMedia.framework; sourceTree = SDKROOT; };
		EF3047B521CA15C400967834 /* CoreFoundation.framework */ = {isa = PBXFileReference; lastKnownFileType = wrapper.framework; name = CoreFoundation.framework; path = System/Library/Frameworks/CoreFoundation.framework; sourceTree = SDKROOT; };
		EF3047B721CA15CF00967834 /* AudioToolbox.framework */ = {isa = PBXFileReference; lastKnownFileType = wrapper.framework; name = AudioToolbox.framework; path = System/Library/Frameworks/AudioToolbox.framework; sourceTree = SDKROOT; };
		EF3047B921CA15D800967834 /* AVFoundation.framework */ = {isa = PBXFileReference; lastKnownFileType = wrapper.framework; name = AVFoundation.framework; path = System/Library/Frameworks/AVFoundation.framework; sourceTree = SDKROOT; };
		EF3047BB21CA15E000967834 /* SystemConfiguration.framework */ = {isa = PBXFileReference; lastKnownFileType = wrapper.framework; name = SystemConfiguration.framework; path = System/Library/Frameworks/SystemConfiguration.framework; sourceTree = SDKROOT; };
		EF3047BD21CA15EB00967834 /* libxml2.2.tbd */ = {isa = PBXFileReference; lastKnownFileType = "sourcecode.text-based-dylib-definition"; name = libxml2.2.tbd; path = usr/lib/libxml2.2.tbd; sourceTree = SDKROOT; };
		EF3047BF21CA15F500967834 /* CoreTelephony.framework */ = {isa = PBXFileReference; lastKnownFileType = wrapper.framework; name = CoreTelephony.framework; path = System/Library/Frameworks/CoreTelephony.framework; sourceTree = SDKROOT; };
		EF3047C121CA160000967834 /* CoreLocation.framework */ = {isa = PBXFileReference; lastKnownFileType = wrapper.framework; name = CoreLocation.framework; path = System/Library/Frameworks/CoreLocation.framework; sourceTree = SDKROOT; };
		EF3047C321CA160C00967834 /* CoreGraphics.framework */ = {isa = PBXFileReference; lastKnownFileType = wrapper.framework; name = CoreGraphics.framework; path = System/Library/Frameworks/CoreGraphics.framework; sourceTree = SDKROOT; };
		EF3047C521CA161900967834 /* AdSupport.framework */ = {isa = PBXFileReference; lastKnownFileType = wrapper.framework; name = AdSupport.framework; path = System/Library/Frameworks/AdSupport.framework; sourceTree = SDKROOT; };
		EF3047C721CA162100967834 /* UIKit.framework */ = {isa = PBXFileReference; lastKnownFileType = wrapper.framework; name = UIKit.framework; path = System/Library/Frameworks/UIKit.framework; sourceTree = SDKROOT; };
		EF3047CC21CA17A400967834 /* GNAdSDK.xcframework */ = {isa = PBXFileReference; lastKnownFileType = wrapper.xcframework; path = GNAdSDK.xcframework; sourceTree = "<group>"; };
		EF3047D321CA17A400967834 /* Reachability.m */ = {isa = PBXFileReference; fileEncoding = 4; lastKnownFileType = sourcecode.c.objc; path = Reachability.m; sourceTree = "<group>"; };
		EF3047D421CA17A400967834 /* Reachability.h */ = {isa = PBXFileReference; fileEncoding = 4; lastKnownFileType = sourcecode.c.h; path = Reachability.h; sourceTree = "<group>"; };
		EF3047D621CA17A400967834 /* DDXMLDocument.h */ = {isa = PBXFileReference; fileEncoding = 4; lastKnownFileType = sourcecode.c.h; path = DDXMLDocument.h; sourceTree = "<group>"; };
		EF3047D721CA17A400967834 /* DDXML.h */ = {isa = PBXFileReference; fileEncoding = 4; lastKnownFileType = sourcecode.c.h; path = DDXML.h; sourceTree = "<group>"; };
		EF3047D821CA17A400967834 /* DDXMLElement.m */ = {isa = PBXFileReference; fileEncoding = 4; lastKnownFileType = sourcecode.c.objc; path = DDXMLElement.m; sourceTree = "<group>"; };
		EF3047DA21CA17A400967834 /* DDXMLElementAdditions.h */ = {isa = PBXFileReference; fileEncoding = 4; lastKnownFileType = sourcecode.c.h; path = DDXMLElementAdditions.h; sourceTree = "<group>"; };
		EF3047DB21CA17A400967834 /* DDXMLElementAdditions.m */ = {isa = PBXFileReference; fileEncoding = 4; lastKnownFileType = sourcecode.c.objc; path = DDXMLElementAdditions.m; sourceTree = "<group>"; };
		EF3047DC21CA17A400967834 /* DDXMLNode.m */ = {isa = PBXFileReference; fileEncoding = 4; lastKnownFileType = sourcecode.c.objc; path = DDXMLNode.m; sourceTree = "<group>"; };
		EF3047DD21CA17A400967834 /* DDXMLDocument.m */ = {isa = PBXFileReference; fileEncoding = 4; lastKnownFileType = sourcecode.c.objc; path = DDXMLDocument.m; sourceTree = "<group>"; };
		EF3047DF21CA17A400967834 /* DDXMLPrivate.h */ = {isa = PBXFileReference; fileEncoding = 4; lastKnownFileType = sourcecode.c.h; path = DDXMLPrivate.h; sourceTree = "<group>"; };
		EF3047E021CA17A400967834 /* DDXMLElement.h */ = {isa = PBXFileReference; fileEncoding = 4; lastKnownFileType = sourcecode.c.h; path = DDXMLElement.h; sourceTree = "<group>"; };
		EF3047E221CA17A400967834 /* NSString+DDXML.h */ = {isa = PBXFileReference; fileEncoding = 4; lastKnownFileType = sourcecode.c.h; path = "NSString+DDXML.h"; sourceTree = "<group>"; };
		EF3047E321CA17A400967834 /* NSString+DDXML.m */ = {isa = PBXFileReference; fileEncoding = 4; lastKnownFileType = sourcecode.c.objc; path = "NSString+DDXML.m"; sourceTree = "<group>"; };
		EF3047E421CA17A400967834 /* DDXMLNode.h */ = {isa = PBXFileReference; fileEncoding = 4; lastKnownFileType = sourcecode.c.h; path = DDXMLNode.h; sourceTree = "<group>"; };
		EF3048BB21CA18B200967834 /* ImageTableViewCell.swift */ = {isa = PBXFileReference; fileEncoding = 4; lastKnownFileType = sourcecode.swift; path = ImageTableViewCell.swift; sourceTree = "<group>"; };
		EF3048BC21CA18B200967834 /* ImageTableViewController.swift */ = {isa = PBXFileReference; fileEncoding = 4; lastKnownFileType = sourcecode.swift; path = ImageTableViewController.swift; sourceTree = "<group>"; };
		EF3048C021CA19C600967834 /* GNAdSampleNativeAd-Bridging-Header.h */ = {isa = PBXFileReference; lastKnownFileType = sourcecode.c.h; path = "GNAdSampleNativeAd-Bridging-Header.h"; sourceTree = "<group>"; };
		EF5D903B24E3E7DE00857B13 /* AppTrackingTransparency.framework */ = {isa = PBXFileReference; lastKnownFileType = wrapper.framework; name = AppTrackingTransparency.framework; path = System/Library/Frameworks/AppTrackingTransparency.framework; sourceTree = SDKROOT; };
		EFC52D4521D5AE9B003F4EF4 /* VideoTableViewCell.swift */ = {isa = PBXFileReference; fileEncoding = 4; lastKnownFileType = sourcecode.swift; path = VideoTableViewCell.swift; sourceTree = "<group>"; };
		EFC52D4621D5AE9B003F4EF4 /* VideoTableViewController.swift */ = {isa = PBXFileReference; fileEncoding = 4; lastKnownFileType = sourcecode.swift; path = VideoTableViewController.swift; sourceTree = "<group>"; };
		EFC52D4921D5D483003F4EF4 /* SimpleUIButton.swift */ = {isa = PBXFileReference; lastKnownFileType = sourcecode.swift; path = SimpleUIButton.swift; sourceTree = "<group>"; };
		EFC52D4B21D5D792003F4EF4 /* SimpleViewController.swift */ = {isa = PBXFileReference; lastKnownFileType = sourcecode.swift; path = SimpleViewController.swift; sourceTree = "<group>"; };
/* End PBXFileReference section */

/* Begin PBXFrameworksBuildPhase section */
		EF30469921C9EFAA00967834 /* Frameworks */ = {
			isa = PBXFrameworksBuildPhase;
			buildActionMask = 2147483647;
			files = (
				EF30487921CA17A400967834 /* GNAdSDK.xcframework in Frameworks */,
				EF5D903C24E3E7DE00857B13 /* AppTrackingTransparency.framework in Frameworks */,
				EF3047C821CA162100967834 /* UIKit.framework in Frameworks */,
				EF3047C621CA161900967834 /* AdSupport.framework in Frameworks */,
				EF3047C421CA160C00967834 /* CoreGraphics.framework in Frameworks */,
				EF3047C221CA160000967834 /* CoreLocation.framework in Frameworks */,
				EF3047C021CA15F500967834 /* CoreTelephony.framework in Frameworks */,
				EF3047BE21CA15EB00967834 /* libxml2.2.tbd in Frameworks */,
				EF3047BC21CA15E000967834 /* SystemConfiguration.framework in Frameworks */,
				EF3047BA21CA15D800967834 /* AVFoundation.framework in Frameworks */,
				EF3047B821CA15D000967834 /* AudioToolbox.framework in Frameworks */,
				EF3047B621CA15C400967834 /* CoreFoundation.framework in Frameworks */,
				EF3047B421CA15BA00967834 /* CoreMedia.framework in Frameworks */,
				EF3047B221CA15B200967834 /* QuartzCore.framework in Frameworks */,
				EF3047B021CA15A900967834 /* MessageUI.framework in Frameworks */,
				EF3047AE21CA159600967834 /* Foundation.framework in Frameworks */,
			);
			runOnlyForDeploymentPostprocessing = 0;
		};
/* End PBXFrameworksBuildPhase section */

/* Begin PBXGroup section */
		EF30469321C9EFAA00967834 = {
			isa = PBXGroup;
			children = (
				EF3047CA21CA17A400967834 /* GNAdSDK */,
				EF3048C021CA19C600967834 /* GNAdSampleNativeAd-Bridging-Header.h */,
				EF30469E21C9EFAA00967834 /* GNAdSampleNativeAd */,
				EF30469D21C9EFAA00967834 /* Products */,
				EF3047AC21CA159600967834 /* Frameworks */,
			);
			sourceTree = "<group>";
		};
		EF30469D21C9EFAA00967834 /* Products */ = {
			isa = PBXGroup;
			children = (
				EF30469C21C9EFAA00967834 /* GNAdSampleNativeAd.app */,
			);
			name = Products;
			sourceTree = "<group>";
		};
		EF30469E21C9EFAA00967834 /* GNAdSampleNativeAd */ = {
			isa = PBXGroup;
			children = (
				EF30469F21C9EFAA00967834 /* AppDelegate.swift */,
				EF3046A121C9EFAA00967834 /* MainViewController.swift */,
				EF3046A321C9EFAA00967834 /* Main.storyboard */,
				EF3046A621C9EFAF00967834 /* Assets.xcassets */,
				EF3046B121CA14AA00967834 /* DataStructure */,
				EF3046B321CA14AB00967834 /* Models */,
				EF3048BB21CA18B200967834 /* ImageTableViewCell.swift */,
				EF3048BC21CA18B200967834 /* ImageTableViewController.swift */,
				EFC52D4521D5AE9B003F4EF4 /* VideoTableViewCell.swift */,
				EFC52D4621D5AE9B003F4EF4 /* VideoTableViewController.swift */,
				EFC52D4921D5D483003F4EF4 /* SimpleUIButton.swift */,
				EFC52D4B21D5D792003F4EF4 /* SimpleViewController.swift */,
				EF3046A821C9EFAF00967834 /* LaunchScreen.storyboard */,
				EF3046AB21C9EFAF00967834 /* Info.plist */,
			);
			path = GNAdSampleNativeAd;
			sourceTree = "<group>";
		};
		EF3046B121CA14AA00967834 /* DataStructure */ = {
			isa = PBXGroup;
			children = (
				EF3046B221CA14AA00967834 /* GNQueue.swift */,
			);
			path = DataStructure;
			sourceTree = "<group>";
		};
		EF3046B321CA14AB00967834 /* Models */ = {
			isa = PBXGroup;
			children = (
				EF3046B421CA14AB00967834 /* MyCellData.swift */,
			);
			path = Models;
			sourceTree = "<group>";
		};
		EF3047AC21CA159600967834 /* Frameworks */ = {
			isa = PBXGroup;
			children = (
				EF5D903B24E3E7DE00857B13 /* AppTrackingTransparency.framework */,
				EF3047C721CA162100967834 /* UIKit.framework */,
				EF3047C521CA161900967834 /* AdSupport.framework */,
				EF3047C321CA160C00967834 /* CoreGraphics.framework */,
				EF3047C121CA160000967834 /* CoreLocation.framework */,
				EF3047BF21CA15F500967834 /* CoreTelephony.framework */,
				EF3047BD21CA15EB00967834 /* libxml2.2.tbd */,
				EF3047BB21CA15E000967834 /* SystemConfiguration.framework */,
				EF3047B921CA15D800967834 /* AVFoundation.framework */,
				EF3047B721CA15CF00967834 /* AudioToolbox.framework */,
				EF3047B521CA15C400967834 /* CoreFoundation.framework */,
				EF3047B321CA15BA00967834 /* CoreMedia.framework */,
				EF3047B121CA15B200967834 /* QuartzCore.framework */,
				EF3047AF21CA15A900967834 /* MessageUI.framework */,
				EF3047AD21CA159600967834 /* Foundation.framework */,
			);
			name = Frameworks;
			sourceTree = "<group>";
		};
		EF3047CA21CA17A400967834 /* GNAdSDK */ = {
			isa = PBXGroup;
			children = (
				EF3047CB21CA17A400967834 /* Framework */,
				EF3047D121CA17A400967834 /* libs */,
			);
			name = GNAdSDK;
			path = ../../../GNAdSDK;
			sourceTree = "<group>";
		};
		EF3047CB21CA17A400967834 /* Framework */ = {
			isa = PBXGroup;
			children = (
				EF3047CC21CA17A400967834 /* GNAdSDK.xcframework */,
			);
			path = Framework;
			sourceTree = "<group>";
		};
		EF3047D121CA17A400967834 /* libs */ = {
			isa = PBXGroup;
			children = (
				EF3047D221CA17A400967834 /* Reachability */,
				EF3047D521CA17A400967834 /* KissXML */,
			);
			path = libs;
			sourceTree = "<group>";
		};
		EF3047D221CA17A400967834 /* Reachability */ = {
			isa = PBXGroup;
			children = (
				EF3047D321CA17A400967834 /* Reachability.m */,
				EF3047D421CA17A400967834 /* Reachability.h */,
			);
			path = Reachability;
			sourceTree = "<group>";
		};
		EF3047D521CA17A400967834 /* KissXML */ = {
			isa = PBXGroup;
			children = (
				EF3047D621CA17A400967834 /* DDXMLDocument.h */,
				EF3047D721CA17A400967834 /* DDXML.h */,
				EF3047D821CA17A400967834 /* DDXMLElement.m */,
				EF3047D921CA17A400967834 /* Additions */,
				EF3047DC21CA17A400967834 /* DDXMLNode.m */,
				EF3047DD21CA17A400967834 /* DDXMLDocument.m */,
				EF3047DE21CA17A400967834 /* Private */,
				EF3047E021CA17A400967834 /* DDXMLElement.h */,
				EF3047E121CA17A400967834 /* Categories */,
				EF3047E421CA17A400967834 /* DDXMLNode.h */,
			);
			path = KissXML;
			sourceTree = "<group>";
		};
		EF3047D921CA17A400967834 /* Additions */ = {
			isa = PBXGroup;
			children = (
				EF3047DA21CA17A400967834 /* DDXMLElementAdditions.h */,
				EF3047DB21CA17A400967834 /* DDXMLElementAdditions.m */,
			);
			path = Additions;
			sourceTree = "<group>";
		};
		EF3047DE21CA17A400967834 /* Private */ = {
			isa = PBXGroup;
			children = (
				EF3047DF21CA17A400967834 /* DDXMLPrivate.h */,
			);
			path = Private;
			sourceTree = "<group>";
		};
		EF3047E121CA17A400967834 /* Categories */ = {
			isa = PBXGroup;
			children = (
				EF3047E221CA17A400967834 /* NSString+DDXML.h */,
				EF3047E321CA17A400967834 /* NSString+DDXML.m */,
			);
			path = Categories;
			sourceTree = "<group>";
		};
/* End PBXGroup section */

/* Begin PBXNativeTarget section */
		EF30469B21C9EFAA00967834 /* GNAdSampleNativeAd */ = {
			isa = PBXNativeTarget;
			buildConfigurationList = EF3046AE21C9EFAF00967834 /* Build configuration list for PBXNativeTarget "GNAdSampleNativeAd" */;
			buildPhases = (
				EF30469821C9EFAA00967834 /* Sources */,
				EF30469921C9EFAA00967834 /* Frameworks */,
				EF30469A21C9EFAA00967834 /* Resources */,
			);
			buildRules = (
			);
			dependencies = (
			);
			name = GNAdSampleNativeAd;
			productName = GNAdSampleNativeAd;
			productReference = EF30469C21C9EFAA00967834 /* GNAdSampleNativeAd.app */;
			productType = "com.apple.product-type.application";
		};
/* End PBXNativeTarget section */

/* Begin PBXProject section */
		EF30469421C9EFAA00967834 /* Project object */ = {
			isa = PBXProject;
			attributes = {
				LastSwiftUpdateCheck = 1010;
				LastUpgradeCheck = 1010;
				ORGANIZATIONNAME = Geniee;
				TargetAttributes = {
					EF30469B21C9EFAA00967834 = {
						CreatedOnToolsVersion = 10.1;
					};
				};
			};
			buildConfigurationList = EF30469721C9EFAA00967834 /* Build configuration list for PBXProject "GNAdSampleNativeAd" */;
			compatibilityVersion = "Xcode 9.3";
			developmentRegion = en;
			hasScannedForEncodings = 0;
			knownRegions = (
				en,
				Base,
			);
			mainGroup = EF30469321C9EFAA00967834;
			productRefGroup = EF30469D21C9EFAA00967834 /* Products */;
			projectDirPath = "";
			projectRoot = "";
			targets = (
				EF30469B21C9EFAA00967834 /* GNAdSampleNativeAd */,
			);
		};
/* End PBXProject section */

/* Begin PBXResourcesBuildPhase section */
		EF30469A21C9EFAA00967834 /* Resources */ = {
			isa = PBXResourcesBuildPhase;
			buildActionMask = 2147483647;
			files = (
				EF3046AA21C9EFAF00967834 /* LaunchScreen.storyboard in Resources */,
				EF3046A721C9EFAF00967834 /* Assets.xcassets in Resources */,
				EF3046A521C9EFAA00967834 /* Main.storyboard in Resources */,
			);
			runOnlyForDeploymentPostprocessing = 0;
		};
/* End PBXResourcesBuildPhase section */

/* Begin PBXSourcesBuildPhase section */
		EF30469821C9EFAA00967834 /* Sources */ = {
			isa = PBXSourcesBuildPhase;
			buildActionMask = 2147483647;
			files = (
				EF3046A221C9EFAA00967834 /* MainViewController.swift in Sources */,
				EFC52D4721D5AE9B003F4EF4 /* VideoTableViewCell.swift in Sources */,
				EF3046A021C9EFAA00967834 /* AppDelegate.swift in Sources */,
				EF30487C21CA17A400967834 /* DDXMLElement.m in Sources */,
				EF3048BD21CA18B200967834 /* ImageTableViewCell.swift in Sources */,
				EF3046B521CA14AB00967834 /* GNQueue.swift in Sources */,
				EFC52D4A21D5D483003F4EF4 /* SimpleUIButton.swift in Sources */,
				EF30487D21CA17A400967834 /* DDXMLElementAdditions.m in Sources */,
				EF30487E21CA17A400967834 /* DDXMLNode.m in Sources */,
				EF3048BE21CA18B200967834 /* ImageTableViewController.swift in Sources */,
				EF3046B621CA14AB00967834 /* MyCellData.swift in Sources */,
				EF30487F21CA17A400967834 /* DDXMLDocument.m in Sources */,
				EFC52D4821D5AE9B003F4EF4 /* VideoTableViewController.swift in Sources */,
				EF30487B21CA17A400967834 /* Reachability.m in Sources */,
				EFC52D4C21D5D792003F4EF4 /* SimpleViewController.swift in Sources */,
				EF30488021CA17A400967834 /* NSString+DDXML.m in Sources */,
			);
			runOnlyForDeploymentPostprocessing = 0;
		};
/* End PBXSourcesBuildPhase section */

/* Begin PBXVariantGroup section */
		EF3046A321C9EFAA00967834 /* Main.storyboard */ = {
			isa = PBXVariantGroup;
			children = (
				EF3046A421C9EFAA00967834 /* Base */,
			);
			name = Main.storyboard;
			sourceTree = "<group>";
		};
		EF3046A821C9EFAF00967834 /* LaunchScreen.storyboard */ = {
			isa = PBXVariantGroup;
			children = (
				EF3046A921C9EFAF00967834 /* Base */,
			);
			name = LaunchScreen.storyboard;
			sourceTree = "<group>";
		};
/* End PBXVariantGroup section */

/* Begin XCBuildConfiguration section */
		EF3046AC21C9EFAF00967834 /* Debug */ = {
			isa = XCBuildConfiguration;
			buildSettings = {
				ALWAYS_SEARCH_USER_PATHS = NO;
				CLANG_ANALYZER_NONNULL = YES;
				CLANG_ANALYZER_NUMBER_OBJECT_CONVERSION = YES_AGGRESSIVE;
				CLANG_CXX_LANGUAGE_STANDARD = "gnu++14";
				CLANG_CXX_LIBRARY = "libc++";
				CLANG_ENABLE_MODULES = YES;
				CLANG_ENABLE_OBJC_ARC = YES;
				CLANG_ENABLE_OBJC_WEAK = YES;
				CLANG_WARN_BLOCK_CAPTURE_AUTORELEASING = YES;
				CLANG_WARN_BOOL_CONVERSION = YES;
				CLANG_WARN_COMMA = YES;
				CLANG_WARN_CONSTANT_CONVERSION = YES;
				CLANG_WARN_DEPRECATED_OBJC_IMPLEMENTATIONS = YES;
				CLANG_WARN_DIRECT_OBJC_ISA_USAGE = YES_ERROR;
				CLANG_WARN_DOCUMENTATION_COMMENTS = YES;
				CLANG_WARN_EMPTY_BODY = YES;
				CLANG_WARN_ENUM_CONVERSION = YES;
				CLANG_WARN_INFINITE_RECURSION = YES;
				CLANG_WARN_INT_CONVERSION = YES;
				CLANG_WARN_NON_LITERAL_NULL_CONVERSION = YES;
				CLANG_WARN_OBJC_IMPLICIT_RETAIN_SELF = YES;
				CLANG_WARN_OBJC_LITERAL_CONVERSION = YES;
				CLANG_WARN_OBJC_ROOT_CLASS = YES_ERROR;
				CLANG_WARN_RANGE_LOOP_ANALYSIS = YES;
				CLANG_WARN_STRICT_PROTOTYPES = YES;
				CLANG_WARN_SUSPICIOUS_MOVE = YES;
				CLANG_WARN_UNGUARDED_AVAILABILITY = YES_AGGRESSIVE;
				CLANG_WARN_UNREACHABLE_CODE = YES;
				CLANG_WARN__DUPLICATE_METHOD_MATCH = YES;
				CODE_SIGN_IDENTITY = "iPhone Developer";
				COPY_PHASE_STRIP = NO;
				DEBUG_INFORMATION_FORMAT = dwarf;
				ENABLE_STRICT_OBJC_MSGSEND = YES;
				ENABLE_TESTABILITY = YES;
				GCC_C_LANGUAGE_STANDARD = gnu11;
				GCC_DYNAMIC_NO_PIC = NO;
				GCC_NO_COMMON_BLOCKS = YES;
				GCC_OPTIMIZATION_LEVEL = 0;
				GCC_PREPROCESSOR_DEFINITIONS = (
					"DEBUG=1",
					"$(inherited)",
				);
				GCC_WARN_64_TO_32_BIT_CONVERSION = YES;
				GCC_WARN_ABOUT_RETURN_TYPE = YES_ERROR;
				GCC_WARN_UNDECLARED_SELECTOR = YES;
				GCC_WARN_UNINITIALIZED_AUTOS = YES_AGGRESSIVE;
				GCC_WARN_UNUSED_FUNCTION = YES;
				GCC_WARN_UNUSED_VARIABLE = YES;
				IPHONEOS_DEPLOYMENT_TARGET = 12.1;
				MTL_ENABLE_DEBUG_INFO = INCLUDE_SOURCE;
				MTL_FAST_MATH = YES;
				ONLY_ACTIVE_ARCH = YES;
				SDKROOT = iphoneos;
				SWIFT_ACTIVE_COMPILATION_CONDITIONS = DEBUG;
				SWIFT_OPTIMIZATION_LEVEL = "-Onone";
			};
			name = Debug;
		};
		EF3046AD21C9EFAF00967834 /* Release */ = {
			isa = XCBuildConfiguration;
			buildSettings = {
				ALWAYS_SEARCH_USER_PATHS = NO;
				CLANG_ANALYZER_NONNULL = YES;
				CLANG_ANALYZER_NUMBER_OBJECT_CONVERSION = YES_AGGRESSIVE;
				CLANG_CXX_LANGUAGE_STANDARD = "gnu++14";
				CLANG_CXX_LIBRARY = "libc++";
				CLANG_ENABLE_MODULES = YES;
				CLANG_ENABLE_OBJC_ARC = YES;
				CLANG_ENABLE_OBJC_WEAK = YES;
				CLANG_WARN_BLOCK_CAPTURE_AUTORELEASING = YES;
				CLANG_WARN_BOOL_CONVERSION = YES;
				CLANG_WARN_COMMA = YES;
				CLANG_WARN_CONSTANT_CONVERSION = YES;
				CLANG_WARN_DEPRECATED_OBJC_IMPLEMENTATIONS = YES;
				CLANG_WARN_DIRECT_OBJC_ISA_USAGE = YES_ERROR;
				CLANG_WARN_DOCUMENTATION_COMMENTS = YES;
				CLANG_WARN_EMPTY_BODY = YES;
				CLANG_WARN_ENUM_CONVERSION = YES;
				CLANG_WARN_INFINITE_RECURSION = YES;
				CLANG_WARN_INT_CONVERSION = YES;
				CLANG_WARN_NON_LITERAL_NULL_CONVERSION = YES;
				CLANG_WARN_OBJC_IMPLICIT_RETAIN_SELF = YES;
				CLANG_WARN_OBJC_LITERAL_CONVERSION = YES;
				CLANG_WARN_OBJC_ROOT_CLASS = YES_ERROR;
				CLANG_WARN_RANGE_LOOP_ANALYSIS = YES;
				CLANG_WARN_STRICT_PROTOTYPES = YES;
				CLANG_WARN_SUSPICIOUS_MOVE = YES;
				CLANG_WARN_UNGUARDED_AVAILABILITY = YES_AGGRESSIVE;
				CLANG_WARN_UNREACHABLE_CODE = YES;
				CLANG_WARN__DUPLICATE_METHOD_MATCH = YES;
				CODE_SIGN_IDENTITY = "iPhone Developer";
				COPY_PHASE_STRIP = NO;
				DEBUG_INFORMATION_FORMAT = "dwarf-with-dsym";
				ENABLE_NS_ASSERTIONS = NO;
				ENABLE_STRICT_OBJC_MSGSEND = YES;
				GCC_C_LANGUAGE_STANDARD = gnu11;
				GCC_NO_COMMON_BLOCKS = YES;
				GCC_WARN_64_TO_32_BIT_CONVERSION = YES;
				GCC_WARN_ABOUT_RETURN_TYPE = YES_ERROR;
				GCC_WARN_UNDECLARED_SELECTOR = YES;
				GCC_WARN_UNINITIALIZED_AUTOS = YES_AGGRESSIVE;
				GCC_WARN_UNUSED_FUNCTION = YES;
				GCC_WARN_UNUSED_VARIABLE = YES;
				IPHONEOS_DEPLOYMENT_TARGET = 12.1;
				MTL_ENABLE_DEBUG_INFO = NO;
				MTL_FAST_MATH = YES;
				SDKROOT = iphoneos;
				SWIFT_COMPILATION_MODE = wholemodule;
				SWIFT_OPTIMIZATION_LEVEL = "-O";
				VALIDATE_PRODUCT = YES;
			};
			name = Release;
		};
		EF3046AF21C9EFAF00967834 /* Debug */ = {
			isa = XCBuildConfiguration;
			buildSettings = {
				ASSETCATALOG_COMPILER_APPICON_NAME = AppIcon;
				CODE_SIGN_STYLE = Automatic;
				DEVELOPMENT_TEAM = RKMVWZ32F4;
				FRAMEWORK_SEARCH_PATHS = ../../../GNAdSDK/Framework;
				HEADER_SEARCH_PATHS = "${SDKROOT}/usr/include/libxml2";
				INFOPLIST_FILE = GNAdSampleNativeAd/Info.plist;
				IPHONEOS_DEPLOYMENT_TARGET = 9.0;
				LD_RUNPATH_SEARCH_PATHS = (
					"$(inherited)",
					"@executable_path/Frameworks",
				);
				OTHER_LDFLAGS = (
					"-lxml2",
					"-fobjc-arc",
				);
				PRODUCT_BUNDLE_IDENTIFIER = jp.co.geniee.GNAdSampleNativeAd;
				PRODUCT_NAME = "$(TARGET_NAME)";
				SWIFT_OBJC_BRIDGING_HEADER = "GNAdSampleNativeAd-Bridging-Header.h";
				SWIFT_VERSION = 4.2;
				TARGETED_DEVICE_FAMILY = "1,2";
			};
			name = Debug;
		};
		EF3046B021C9EFAF00967834 /* Release */ = {
			isa = XCBuildConfiguration;
			buildSettings = {
				ASSETCATALOG_COMPILER_APPICON_NAME = AppIcon;
				CODE_SIGN_STYLE = Automatic;
				DEVELOPMENT_TEAM = RKMVWZ32F4;
				FRAMEWORK_SEARCH_PATHS = ../../../GNAdSDK/Framework;
				HEADER_SEARCH_PATHS = "${SDKROOT}/usr/include/libxml2";
				INFOPLIST_FILE = GNAdSampleNativeAd/Info.plist;
				IPHONEOS_DEPLOYMENT_TARGET = 9.0;
				LD_RUNPATH_SEARCH_PATHS = (
					"$(inherited)",
					"@executable_path/Frameworks",
				);
				OTHER_LDFLAGS = (
					"-lxml2",
					"-fobjc-arc",
				);
				PRODUCT_BUNDLE_IDENTIFIER = jp.co.geniee.GNAdSampleNativeAd;
				PRODUCT_NAME = "$(TARGET_NAME)";
				SWIFT_OBJC_BRIDGING_HEADER = "GNAdSampleNativeAd-Bridging-Header.h";
				SWIFT_VERSION = 4.2;
				TARGETED_DEVICE_FAMILY = "1,2";
			};
			name = Release;
		};
/* End XCBuildConfiguration section */

/* Begin XCConfigurationList section */
		EF30469721C9EFAA00967834 /* Build configuration list for PBXProject "GNAdSampleNativeAd" */ = {
			isa = XCConfigurationList;
			buildConfigurations = (
				EF3046AC21C9EFAF00967834 /* Debug */,
				EF3046AD21C9EFAF00967834 /* Release */,
			);
			defaultConfigurationIsVisible = 0;
			defaultConfigurationName = Release;
		};
		EF3046AE21C9EFAF00967834 /* Build configuration list for PBXNativeTarget "GNAdSampleNativeAd" */ = {
			isa = XCConfigurationList;
			buildConfigurations = (
				EF3046AF21C9EFAF00967834 /* Debug */,
				EF3046B021C9EFAF00967834 /* Release */,
			);
			defaultConfigurationIsVisible = 0;
			defaultConfigurationName = Release;
		};
/* End XCConfigurationList section */
	};
	rootObject = EF30469421C9EFAA00967834 /* Project object */;
}
