// !$*UTF8*$!
{
	archiveVersion = 1;
	classes = {
	};
	objectVersion = 46;
	objects = {

/* Begin PBXBuildFile section */
		BB8757F01EADD23A00E647FC /* AppDelegate.swift in Sources */ = {isa = PBXBuildFile; fileRef = BB8757EF1EADD23A00E647FC /* AppDelegate.swift */; };
		BB8757F51EADD23A00E647FC /* Main.storyboard in Resources */ = {isa = PBXBuildFile; fileRef = BB8757F31EADD23A00E647FC /* Main.storyboard */; };
		BB8757F71EADD23B00E647FC /* Assets.xcassets in Resources */ = {isa = PBXBuildFile; fileRef = BB8757F61EADD23B00E647FC /* Assets.xcassets */; };
		BB8757FA1EADD23B00E647FC /* LaunchScreen.storyboard in Resources */ = {isa = PBXBuildFile; fileRef = BB8757F81EADD23B00E647FC /* LaunchScreen.storyboard */; };
		BB875B5A1EADD41600E647FC /* GNAdSDK.2.1.8.zip in Resources */ = {isa = PBXBuildFile; fileRef = BB87598B1EADD41500E647FC /* GNAdSDK.2.1.8.zip */; };
		BB875B5B1EADD41600E647FC /* GNAdSDK.framework in Frameworks */ = {isa = PBXBuildFile; fileRef = BB87598C1EADD41500E647FC /* GNAdSDK.framework */; };
		BB875B7E1EADD41700E647FC /* TFHpple.m in Sources */ = {isa = PBXBuildFile; fileRef = BB8759F21EADD41500E647FC /* TFHpple.m */; };
		BB875B7F1EADD41700E647FC /* TFHppleElement.m in Sources */ = {isa = PBXBuildFile; fileRef = BB8759F41EADD41500E647FC /* TFHppleElement.m */; };
		BB875B801EADD41700E647FC /* XPathQuery.m in Sources */ = {isa = PBXBuildFile; fileRef = BB8759F61EADD41500E647FC /* XPathQuery.m */; };
		BB875B811EADD41700E647FC /* DDXMLElementAdditions.m in Sources */ = {isa = PBXBuildFile; fileRef = BB8759FA1EADD41600E647FC /* DDXMLElementAdditions.m */; };
		BB875B821EADD41700E647FC /* NSString+DDXML.m in Sources */ = {isa = PBXBuildFile; fileRef = BB8759FD1EADD41600E647FC /* NSString+DDXML.m */; };
		BB875B831EADD41700E647FC /* DDXMLDocument.m in Sources */ = {isa = PBXBuildFile; fileRef = BB875A001EADD41600E647FC /* DDXMLDocument.m */; };
		BB875B841EADD41700E647FC /* DDXMLElement.m in Sources */ = {isa = PBXBuildFile; fileRef = BB875A021EADD41600E647FC /* DDXMLElement.m */; };
		BB875B851EADD41700E647FC /* DDXMLNode.m in Sources */ = {isa = PBXBuildFile; fileRef = BB875A041EADD41600E647FC /* DDXMLNode.m */; };
		BB875B861EADD41700E647FC /* Reachability.m in Sources */ = {isa = PBXBuildFile; fileRef = BB875A091EADD41600E647FC /* Reachability.m */; };
		BB875B8E1EADD5DD00E647FC /* Foundation.framework in Frameworks */ = {isa = PBXBuildFile; fileRef = BB875B8D1EADD5DD00E647FC /* Foundation.framework */; };
		BB875B901EADD5EF00E647FC /* MessageUI.framework in Frameworks */ = {isa = PBXBuildFile; fileRef = BB875B8F1EADD5EF00E647FC /* MessageUI.framework */; };
		BB875B921EADD5F700E647FC /* QuartzCore.framework in Frameworks */ = {isa = PBXBuildFile; fileRef = BB875B911EADD5F700E647FC /* QuartzCore.framework */; };
		BB875B941EADD5FF00E647FC /* CoreMedia.framework in Frameworks */ = {isa = PBXBuildFile; fileRef = BB875B931EADD5FF00E647FC /* CoreMedia.framework */; };
		BB875B961EADD60800E647FC /* CoreFoundation.framework in Frameworks */ = {isa = PBXBuildFile; fileRef = BB875B951EADD60800E647FC /* CoreFoundation.framework */; };
		BB875B981EADD61100E647FC /* AudioToolbox.framework in Frameworks */ = {isa = PBXBuildFile; fileRef = BB875B971EADD61100E647FC /* AudioToolbox.framework */; };
		BB875B9A1EADD61A00E647FC /* AVFoundation.framework in Frameworks */ = {isa = PBXBuildFile; fileRef = BB875B991EADD61A00E647FC /* AVFoundation.framework */; };
		BB875B9C1EADD62300E647FC /* SystemConfiguration.framework in Frameworks */ = {isa = PBXBuildFile; fileRef = BB875B9B1EADD62300E647FC /* SystemConfiguration.framework */; };
		BB875B9E1EADD63100E647FC /* libxml2.tbd in Frameworks */ = {isa = PBXBuildFile; fileRef = BB875B9D1EADD63100E647FC /* libxml2.tbd */; };
		BB875BA01EADD63B00E647FC /* CoreTelephony.framework in Frameworks */ = {isa = PBXBuildFile; fileRef = BB875B9F1EADD63B00E647FC /* CoreTelephony.framework */; };
		BB875BA21EADD64300E647FC /* CoreLocation.framework in Frameworks */ = {isa = PBXBuildFile; fileRef = BB875BA11EADD64300E647FC /* CoreLocation.framework */; };
		BB875BA41EADD64C00E647FC /* CoreGraphics.framework in Frameworks */ = {isa = PBXBuildFile; fileRef = BB875BA31EADD64C00E647FC /* CoreGraphics.framework */; };
		BB875BA61EADD65600E647FC /* AdSupport.framework in Frameworks */ = {isa = PBXBuildFile; fileRef = BB875BA51EADD65500E647FC /* AdSupport.framework */; };
		BB875BA81EADD65D00E647FC /* UIKit.framework in Frameworks */ = {isa = PBXBuildFile; fileRef = BB875BA71EADD65D00E647FC /* UIKit.framework */; };
		BB875BAA1EADE04D00E647FC /* TableViewController.swift in Sources */ = {isa = PBXBuildFile; fileRef = BB875BA91EADE04D00E647FC /* TableViewController.swift */; };
		BB875BAD1EADE82F00E647FC /* GNQueue.swift in Sources */ = {isa = PBXBuildFile; fileRef = BB875BAC1EADE82F00E647FC /* GNQueue.swift */; };
		BB875BB01EADEB0700E647FC /* MyCellData.swift in Sources */ = {isa = PBXBuildFile; fileRef = BB875BAF1EADEB0700E647FC /* MyCellData.swift */; };
		BB875BB21EADEBCC00E647FC /* TableViewCell.swift in Sources */ = {isa = PBXBuildFile; fileRef = BB875BB11EADEBCC00E647FC /* TableViewCell.swift */; };
/* End PBXBuildFile section */

/* Begin PBXFileReference section */
		BB8757EC1EADD23A00E647FC /* GNAdSampleMultipleNative.app */ = {isa = PBXFileReference; explicitFileType = wrapper.application; includeInIndex = 0; path = GNAdSampleMultipleNative.app; sourceTree = BUILT_PRODUCTS_DIR; };
		BB8757EF1EADD23A00E647FC /* AppDelegate.swift */ = {isa = PBXFileReference; lastKnownFileType = sourcecode.swift; path = AppDelegate.swift; sourceTree = "<group>"; };
		BB8757F41EADD23A00E647FC /* Base */ = {isa = PBXFileReference; lastKnownFileType = file.storyboard; name = Base; path = Base.lproj/Main.storyboard; sourceTree = "<group>"; };
		BB8757F61EADD23B00E647FC /* Assets.xcassets */ = {isa = PBXFileReference; lastKnownFileType = folder.assetcatalog; path = Assets.xcassets; sourceTree = "<group>"; };
		BB8757F91EADD23B00E647FC /* Base */ = {isa = PBXFileReference; lastKnownFileType = file.storyboard; name = Base; path = Base.lproj/LaunchScreen.storyboard; sourceTree = "<group>"; };
		BB8757FB1EADD23B00E647FC /* Info.plist */ = {isa = PBXFileReference; lastKnownFileType = text.plist.xml; path = Info.plist; sourceTree = "<group>"; };
		BB87598B1EADD41500E647FC /* GNAdSDK.2.1.8.zip */ = {isa = PBXFileReference; lastKnownFileType = archive.zip; path = GNAdSDK.2.1.8.zip; sourceTree = "<group>"; };
		BB87598C1EADD41500E647FC /* GNAdSDK.framework */ = {isa = PBXFileReference; lastKnownFileType = wrapper.framework; path = GNAdSDK.framework; sourceTree = "<group>"; };
		BB8759F11EADD41500E647FC /* TFHpple.h */ = {isa = PBXFileReference; fileEncoding = 4; lastKnownFileType = sourcecode.c.h; path = TFHpple.h; sourceTree = "<group>"; };
		BB8759F21EADD41500E647FC /* TFHpple.m */ = {isa = PBXFileReference; fileEncoding = 4; lastKnownFileType = sourcecode.c.objc; path = TFHpple.m; sourceTree = "<group>"; };
		BB8759F31EADD41500E647FC /* TFHppleElement.h */ = {isa = PBXFileReference; fileEncoding = 4; lastKnownFileType = sourcecode.c.h; path = TFHppleElement.h; sourceTree = "<group>"; };
		BB8759F41EADD41500E647FC /* TFHppleElement.m */ = {isa = PBXFileReference; fileEncoding = 4; lastKnownFileType = sourcecode.c.objc; path = TFHppleElement.m; sourceTree = "<group>"; };
		BB8759F51EADD41500E647FC /* XPathQuery.h */ = {isa = PBXFileReference; fileEncoding = 4; lastKnownFileType = sourcecode.c.h; path = XPathQuery.h; sourceTree = "<group>"; };
		BB8759F61EADD41500E647FC /* XPathQuery.m */ = {isa = PBXFileReference; fileEncoding = 4; lastKnownFileType = sourcecode.c.objc; path = XPathQuery.m; sourceTree = "<group>"; };
		BB8759F91EADD41600E647FC /* DDXMLElementAdditions.h */ = {isa = PBXFileReference; fileEncoding = 4; lastKnownFileType = sourcecode.c.h; path = DDXMLElementAdditions.h; sourceTree = "<group>"; };
		BB8759FA1EADD41600E647FC /* DDXMLElementAdditions.m */ = {isa = PBXFileReference; fileEncoding = 4; lastKnownFileType = sourcecode.c.objc; path = DDXMLElementAdditions.m; sourceTree = "<group>"; };
		BB8759FC1EADD41600E647FC /* NSString+DDXML.h */ = {isa = PBXFileReference; fileEncoding = 4; lastKnownFileType = sourcecode.c.h; path = "NSString+DDXML.h"; sourceTree = "<group>"; };
		BB8759FD1EADD41600E647FC /* NSString+DDXML.m */ = {isa = PBXFileReference; fileEncoding = 4; lastKnownFileType = sourcecode.c.objc; path = "NSString+DDXML.m"; sourceTree = "<group>"; };
		BB8759FE1EADD41600E647FC /* DDXML.h */ = {isa = PBXFileReference; fileEncoding = 4; lastKnownFileType = sourcecode.c.h; path = DDXML.h; sourceTree = "<group>"; };
		BB8759FF1EADD41600E647FC /* DDXMLDocument.h */ = {isa = PBXFileReference; fileEncoding = 4; lastKnownFileType = sourcecode.c.h; path = DDXMLDocument.h; sourceTree = "<group>"; };
		BB875A001EADD41600E647FC /* DDXMLDocument.m */ = {isa = PBXFileReference; fileEncoding = 4; lastKnownFileType = sourcecode.c.objc; path = DDXMLDocument.m; sourceTree = "<group>"; };
		BB875A011EADD41600E647FC /* DDXMLElement.h */ = {isa = PBXFileReference; fileEncoding = 4; lastKnownFileType = sourcecode.c.h; path = DDXMLElement.h; sourceTree = "<group>"; };
		BB875A021EADD41600E647FC /* DDXMLElement.m */ = {isa = PBXFileReference; fileEncoding = 4; lastKnownFileType = sourcecode.c.objc; path = DDXMLElement.m; sourceTree = "<group>"; };
		BB875A031EADD41600E647FC /* DDXMLNode.h */ = {isa = PBXFileReference; fileEncoding = 4; lastKnownFileType = sourcecode.c.h; path = DDXMLNode.h; sourceTree = "<group>"; };
		BB875A041EADD41600E647FC /* DDXMLNode.m */ = {isa = PBXFileReference; fileEncoding = 4; lastKnownFileType = sourcecode.c.objc; path = DDXMLNode.m; sourceTree = "<group>"; };
		BB875A061EADD41600E647FC /* DDXMLPrivate.h */ = {isa = PBXFileReference; fileEncoding = 4; lastKnownFileType = sourcecode.c.h; path = DDXMLPrivate.h; sourceTree = "<group>"; };
		BB875A081EADD41600E647FC /* Reachability.h */ = {isa = PBXFileReference; fileEncoding = 4; lastKnownFileType = sourcecode.c.h; path = Reachability.h; sourceTree = "<group>"; };
		BB875A091EADD41600E647FC /* Reachability.m */ = {isa = PBXFileReference; fileEncoding = 4; lastKnownFileType = sourcecode.c.objc; path = Reachability.m; sourceTree = "<group>"; };
		BB875B8B1EADD47C00E647FC /* GNAdSampleMultipleNative-Bridging-Header.h */ = {isa = PBXFileReference; lastKnownFileType = sourcecode.c.h; path = "GNAdSampleMultipleNative-Bridging-Header.h"; sourceTree = "<group>"; };
		BB875B8D1EADD5DD00E647FC /* Foundation.framework */ = {isa = PBXFileReference; lastKnownFileType = wrapper.framework; name = Foundation.framework; path = System/Library/Frameworks/Foundation.framework; sourceTree = SDKROOT; };
		BB875B8F1EADD5EF00E647FC /* MessageUI.framework */ = {isa = PBXFileReference; lastKnownFileType = wrapper.framework; name = MessageUI.framework; path = System/Library/Frameworks/MessageUI.framework; sourceTree = SDKROOT; };
		BB875B911EADD5F700E647FC /* QuartzCore.framework */ = {isa = PBXFileReference; lastKnownFileType = wrapper.framework; name = QuartzCore.framework; path = System/Library/Frameworks/QuartzCore.framework; sourceTree = SDKROOT; };
		BB875B931EADD5FF00E647FC /* CoreMedia.framework */ = {isa = PBXFileReference; lastKnownFileType = wrapper.framework; name = CoreMedia.framework; path = System/Library/Frameworks/CoreMedia.framework; sourceTree = SDKROOT; };
		BB875B951EADD60800E647FC /* CoreFoundation.framework */ = {isa = PBXFileReference; lastKnownFileType = wrapper.framework; name = CoreFoundation.framework; path = System/Library/Frameworks/CoreFoundation.framework; sourceTree = SDKROOT; };
		BB875B971EADD61100E647FC /* AudioToolbox.framework */ = {isa = PBXFileReference; lastKnownFileType = wrapper.framework; name = AudioToolbox.framework; path = System/Library/Frameworks/AudioToolbox.framework; sourceTree = SDKROOT; };
		BB875B991EADD61A00E647FC /* AVFoundation.framework */ = {isa = PBXFileReference; lastKnownFileType = wrapper.framework; name = AVFoundation.framework; path = System/Library/Frameworks/AVFoundation.framework; sourceTree = SDKROOT; };
		BB875B9B1EADD62300E647FC /* SystemConfiguration.framework */ = {isa = PBXFileReference; lastKnownFileType = wrapper.framework; name = SystemConfiguration.framework; path = System/Library/Frameworks/SystemConfiguration.framework; sourceTree = SDKROOT; };
		BB875B9D1EADD63100E647FC /* libxml2.tbd */ = {isa = PBXFileReference; lastKnownFileType = "sourcecode.text-based-dylib-definition"; name = libxml2.tbd; path = usr/lib/libxml2.tbd; sourceTree = SDKROOT; };
		BB875B9F1EADD63B00E647FC /* CoreTelephony.framework */ = {isa = PBXFileReference; lastKnownFileType = wrapper.framework; name = CoreTelephony.framework; path = System/Library/Frameworks/CoreTelephony.framework; sourceTree = SDKROOT; };
		BB875BA11EADD64300E647FC /* CoreLocation.framework */ = {isa = PBXFileReference; lastKnownFileType = wrapper.framework; name = CoreLocation.framework; path = System/Library/Frameworks/CoreLocation.framework; sourceTree = SDKROOT; };
		BB875BA31EADD64C00E647FC /* CoreGraphics.framework */ = {isa = PBXFileReference; lastKnownFileType = wrapper.framework; name = CoreGraphics.framework; path = System/Library/Frameworks/CoreGraphics.framework; sourceTree = SDKROOT; };
		BB875BA51EADD65500E647FC /* AdSupport.framework */ = {isa = PBXFileReference; lastKnownFileType = wrapper.framework; name = AdSupport.framework; path = System/Library/Frameworks/AdSupport.framework; sourceTree = SDKROOT; };
		BB875BA71EADD65D00E647FC /* UIKit.framework */ = {isa = PBXFileReference; lastKnownFileType = wrapper.framework; name = UIKit.framework; path = System/Library/Frameworks/UIKit.framework; sourceTree = SDKROOT; };
		BB875BA91EADE04D00E647FC /* TableViewController.swift */ = {isa = PBXFileReference; fileEncoding = 4; lastKnownFileType = sourcecode.swift; path = TableViewController.swift; sourceTree = "<group>"; };
		BB875BAC1EADE82F00E647FC /* GNQueue.swift */ = {isa = PBXFileReference; fileEncoding = 4; lastKnownFileType = sourcecode.swift; name = GNQueue.swift; path = DataStructure/GNQueue.swift; sourceTree = "<group>"; };
		BB875BAF1EADEB0700E647FC /* MyCellData.swift */ = {isa = PBXFileReference; fileEncoding = 4; lastKnownFileType = sourcecode.swift; name = MyCellData.swift; path = Models/MyCellData.swift; sourceTree = "<group>"; };
		BB875BB11EADEBCC00E647FC /* TableViewCell.swift */ = {isa = PBXFileReference; fileEncoding = 4; lastKnownFileType = sourcecode.swift; path = TableViewCell.swift; sourceTree = "<group>"; };
/* End PBXFileReference section */

/* Begin PBXFrameworksBuildPhase section */
		BB8757E91EADD23A00E647FC /* Frameworks */ = {
			isa = PBXFrameworksBuildPhase;
			buildActionMask = 2147483647;
			files = (
				BB875BA81EADD65D00E647FC /* UIKit.framework in Frameworks */,
				BB875BA61EADD65600E647FC /* AdSupport.framework in Frameworks */,
				BB875BA41EADD64C00E647FC /* CoreGraphics.framework in Frameworks */,
				BB875BA21EADD64300E647FC /* CoreLocation.framework in Frameworks */,
				BB875BA01EADD63B00E647FC /* CoreTelephony.framework in Frameworks */,
				BB875B9E1EADD63100E647FC /* libxml2.tbd in Frameworks */,
				BB875B9C1EADD62300E647FC /* SystemConfiguration.framework in Frameworks */,
				BB875B9A1EADD61A00E647FC /* AVFoundation.framework in Frameworks */,
				BB875B981EADD61100E647FC /* AudioToolbox.framework in Frameworks */,
				BB875B961EADD60800E647FC /* CoreFoundation.framework in Frameworks */,
				BB875B941EADD5FF00E647FC /* CoreMedia.framework in Frameworks */,
				BB875B921EADD5F700E647FC /* QuartzCore.framework in Frameworks */,
				BB875B901EADD5EF00E647FC /* MessageUI.framework in Frameworks */,
				BB875B8E1EADD5DD00E647FC /* Foundation.framework in Frameworks */,
				BB875B5B1EADD41600E647FC /* GNAdSDK.framework in Frameworks */,
			);
			runOnlyForDeploymentPostprocessing = 0;
		};
/* End PBXFrameworksBuildPhase section */

/* Begin PBXGroup section */
		BB8757E31EADD23A00E647FC = {
			isa = PBXGroup;
			children = (
				BB875B8B1EADD47C00E647FC /* GNAdSampleMultipleNative-Bridging-Header.h */,
				BB8758011EADD41400E647FC /* GNAdSDK */,
				BB8757EE1EADD23A00E647FC /* GNAdSampleMultipleNative */,
				BB8757ED1EADD23A00E647FC /* Products */,
				BB875B8C1EADD5DC00E647FC /* Frameworks */,
			);
			sourceTree = "<group>";
		};
		BB8757ED1EADD23A00E647FC /* Products */ = {
			isa = PBXGroup;
			children = (
				BB8757EC1EADD23A00E647FC /* GNAdSampleMultipleNative.app */,
			);
			name = Products;
			sourceTree = "<group>";
		};
		BB8757EE1EADD23A00E647FC /* GNAdSampleMultipleNative */ = {
			isa = PBXGroup;
			children = (
				BB875BAE1EADEAE200E647FC /* Models */,
				BB875BAB1EADE80700E647FC /* DataStructure */,
				BB8757EF1EADD23A00E647FC /* AppDelegate.swift */,
				BB8757F31EADD23A00E647FC /* Main.storyboard */,
				BB8757F61EADD23B00E647FC /* Assets.xcassets */,
				BB8757F81EADD23B00E647FC /* LaunchScreen.storyboard */,
				BB8757FB1EADD23B00E647FC /* Info.plist */,
				BB875BA91EADE04D00E647FC /* TableViewController.swift */,
				BB875BB11EADEBCC00E647FC /* TableViewCell.swift */,
			);
			path = GNAdSampleMultipleNative;
			sourceTree = "<group>";
		};
		BB8758011EADD41400E647FC /* GNAdSDK */ = {
			isa = PBXGroup;
			children = (
				BB87598A1EADD41500E647FC /* Framework */,
				BB8759EF1EADD41500E647FC /* libs */,
			);
			name = GNAdSDK;
			path = ../../../GNAdSDK;
			sourceTree = "<group>";
		};
		BB87598A1EADD41500E647FC /* Framework */ = {
			isa = PBXGroup;
			children = (
				BB87598B1EADD41500E647FC /* GNAdSDK.2.1.8.zip */,
				BB87598C1EADD41500E647FC /* GNAdSDK.framework */,
			);
			path = Framework;
			sourceTree = "<group>";
		};
		BB8759EF1EADD41500E647FC /* libs */ = {
			isa = PBXGroup;
			children = (
				BB8759F01EADD41500E647FC /* hpple */,
				BB8759F71EADD41500E647FC /* KissXML */,
				BB875A071EADD41600E647FC /* Reachability */,
			);
			path = libs;
			sourceTree = "<group>";
		};
		BB8759F01EADD41500E647FC /* hpple */ = {
			isa = PBXGroup;
			children = (
				BB8759F11EADD41500E647FC /* TFHpple.h */,
				BB8759F21EADD41500E647FC /* TFHpple.m */,
				BB8759F31EADD41500E647FC /* TFHppleElement.h */,
				BB8759F41EADD41500E647FC /* TFHppleElement.m */,
				BB8759F51EADD41500E647FC /* XPathQuery.h */,
				BB8759F61EADD41500E647FC /* XPathQuery.m */,
			);
			path = hpple;
			sourceTree = "<group>";
		};
		BB8759F71EADD41500E647FC /* KissXML */ = {
			isa = PBXGroup;
			children = (
				BB8759F81EADD41500E647FC /* Additions */,
				BB8759FB1EADD41600E647FC /* Categories */,
				BB8759FE1EADD41600E647FC /* DDXML.h */,
				BB8759FF1EADD41600E647FC /* DDXMLDocument.h */,
				BB875A001EADD41600E647FC /* DDXMLDocument.m */,
				BB875A011EADD41600E647FC /* DDXMLElement.h */,
				BB875A021EADD41600E647FC /* DDXMLElement.m */,
				BB875A031EADD41600E647FC /* DDXMLNode.h */,
				BB875A041EADD41600E647FC /* DDXMLNode.m */,
				BB875A051EADD41600E647FC /* Private */,
			);
			path = KissXML;
			sourceTree = "<group>";
		};
		BB8759F81EADD41500E647FC /* Additions */ = {
			isa = PBXGroup;
			children = (
				BB8759F91EADD41600E647FC /* DDXMLElementAdditions.h */,
				BB8759FA1EADD41600E647FC /* DDXMLElementAdditions.m */,
			);
			path = Additions;
			sourceTree = "<group>";
		};
		BB8759FB1EADD41600E647FC /* Categories */ = {
			isa = PBXGroup;
			children = (
				BB8759FC1EADD41600E647FC /* NSString+DDXML.h */,
				BB8759FD1EADD41600E647FC /* NSString+DDXML.m */,
			);
			path = Categories;
			sourceTree = "<group>";
		};
		BB875A051EADD41600E647FC /* Private */ = {
			isa = PBXGroup;
			children = (
				BB875A061EADD41600E647FC /* DDXMLPrivate.h */,
			);
			path = Private;
			sourceTree = "<group>";
		};
		BB875A071EADD41600E647FC /* Reachability */ = {
			isa = PBXGroup;
			children = (
				BB875A081EADD41600E647FC /* Reachability.h */,
				BB875A091EADD41600E647FC /* Reachability.m */,
			);
			path = Reachability;
			sourceTree = "<group>";
		};
		BB875B8C1EADD5DC00E647FC /* Frameworks */ = {
			isa = PBXGroup;
			children = (
				BB875BA71EADD65D00E647FC /* UIKit.framework */,
				BB875BA51EADD65500E647FC /* AdSupport.framework */,
				BB875BA31EADD64C00E647FC /* CoreGraphics.framework */,
				BB875BA11EADD64300E647FC /* CoreLocation.framework */,
				BB875B9F1EADD63B00E647FC /* CoreTelephony.framework */,
				BB875B9D1EADD63100E647FC /* libxml2.tbd */,
				BB875B9B1EADD62300E647FC /* SystemConfiguration.framework */,
				BB875B991EADD61A00E647FC /* AVFoundation.framework */,
				BB875B971EADD61100E647FC /* AudioToolbox.framework */,
				BB875B951EADD60800E647FC /* CoreFoundation.framework */,
				BB875B931EADD5FF00E647FC /* CoreMedia.framework */,
				BB875B911EADD5F700E647FC /* QuartzCore.framework */,
				BB875B8F1EADD5EF00E647FC /* MessageUI.framework */,
				BB875B8D1EADD5DD00E647FC /* Foundation.framework */,
			);
			name = Frameworks;
			sourceTree = "<group>";
		};
		BB875BAB1EADE80700E647FC /* DataStructure */ = {
			isa = PBXGroup;
			children = (
				BB875BAC1EADE82F00E647FC /* GNQueue.swift */,
			);
			name = DataStructure;
			sourceTree = "<group>";
		};
		BB875BAE1EADEAE200E647FC /* Models */ = {
			isa = PBXGroup;
			children = (
				BB875BAF1EADEB0700E647FC /* MyCellData.swift */,
			);
			name = Models;
			sourceTree = "<group>";
		};
/* End PBXGroup section */

/* Begin PBXNativeTarget section */
		BB8757EB1EADD23A00E647FC /* GNAdSampleMultipleNative */ = {
			isa = PBXNativeTarget;
			buildConfigurationList = BB8757FE1EADD23B00E647FC /* Build configuration list for PBXNativeTarget "GNAdSampleMultipleNative" */;
			buildPhases = (
				BB8757E81EADD23A00E647FC /* Sources */,
				BB8757E91EADD23A00E647FC /* Frameworks */,
				BB8757EA1EADD23A00E647FC /* Resources */,
			);
			buildRules = (
			);
			dependencies = (
			);
			name = GNAdSampleMultipleNative;
			productName = GNAdSampleMultipleNative;
			productReference = BB8757EC1EADD23A00E647FC /* GNAdSampleMultipleNative.app */;
			productType = "com.apple.product-type.application";
		};
/* End PBXNativeTarget section */

/* Begin PBXProject section */
		BB8757E41EADD23A00E647FC /* Project object */ = {
			isa = PBXProject;
			attributes = {
				LastSwiftUpdateCheck = 0830;
				LastUpgradeCheck = 0830;
				ORGANIZATIONNAME = "Yamamoto Kazunori";
				TargetAttributes = {
					BB8757EB1EADD23A00E647FC = {
						CreatedOnToolsVersion = 8.3.1;
						ProvisioningStyle = Automatic;
					};
				};
			};
			buildConfigurationList = BB8757E71EADD23A00E647FC /* Build configuration list for PBXProject "GNAdSampleMultipleNative" */;
			compatibilityVersion = "Xcode 3.2";
			developmentRegion = English;
			hasScannedForEncodings = 0;
			knownRegions = (
				en,
				Base,
			);
			mainGroup = BB8757E31EADD23A00E647FC;
			productRefGroup = BB8757ED1EADD23A00E647FC /* Products */;
			projectDirPath = "";
			projectRoot = "";
			targets = (
				BB8757EB1EADD23A00E647FC /* GNAdSampleMultipleNative */,
			);
		};
/* End PBXProject section */

/* Begin PBXResourcesBuildPhase section */
		BB8757EA1EADD23A00E647FC /* Resources */ = {
			isa = PBXResourcesBuildPhase;
			buildActionMask = 2147483647;
			files = (
				BB8757FA1EADD23B00E647FC /* LaunchScreen.storyboard in Resources */,
				BB875B5A1EADD41600E647FC /* GNAdSDK.2.1.8.zip in Resources */,
				BB8757F71EADD23B00E647FC /* Assets.xcassets in Resources */,
				BB8757F51EADD23A00E647FC /* Main.storyboard in Resources */,
			);
			runOnlyForDeploymentPostprocessing = 0;
		};
/* End PBXResourcesBuildPhase section */

/* Begin PBXSourcesBuildPhase section */
		BB8757E81EADD23A00E647FC /* Sources */ = {
			isa = PBXSourcesBuildPhase;
			buildActionMask = 2147483647;
			files = (
				BB875BB21EADEBCC00E647FC /* TableViewCell.swift in Sources */,
				BB875B861EADD41700E647FC /* Reachability.m in Sources */,
				BB875BAD1EADE82F00E647FC /* GNQueue.swift in Sources */,
				BB875B821EADD41700E647FC /* NSString+DDXML.m in Sources */,
				BB875B811EADD41700E647FC /* DDXMLElementAdditions.m in Sources */,
				BB875B841EADD41700E647FC /* DDXMLElement.m in Sources */,
				BB875B831EADD41700E647FC /* DDXMLDocument.m in Sources */,
				BB8757F01EADD23A00E647FC /* AppDelegate.swift in Sources */,
				BB875BAA1EADE04D00E647FC /* TableViewController.swift in Sources */,
				BB875BB01EADEB0700E647FC /* MyCellData.swift in Sources */,
				BB875B801EADD41700E647FC /* XPathQuery.m in Sources */,
				BB875B7E1EADD41700E647FC /* TFHpple.m in Sources */,
				BB875B7F1EADD41700E647FC /* TFHppleElement.m in Sources */,
				BB875B851EADD41700E647FC /* DDXMLNode.m in Sources */,
			);
			runOnlyForDeploymentPostprocessing = 0;
		};
/* End PBXSourcesBuildPhase section */

/* Begin PBXVariantGroup section */
		BB8757F31EADD23A00E647FC /* Main.storyboard */ = {
			isa = PBXVariantGroup;
			children = (
				BB8757F41EADD23A00E647FC /* Base */,
			);
			name = Main.storyboard;
			sourceTree = "<group>";
		};
		BB8757F81EADD23B00E647FC /* LaunchScreen.storyboard */ = {
			isa = PBXVariantGroup;
			children = (
				BB8757F91EADD23B00E647FC /* Base */,
			);
			name = LaunchScreen.storyboard;
			sourceTree = "<group>";
		};
/* End PBXVariantGroup section */

/* Begin XCBuildConfiguration section */
		BB8757FC1EADD23B00E647FC /* Debug */ = {
			isa = XCBuildConfiguration;
			buildSettings = {
				ALWAYS_SEARCH_USER_PATHS = NO;
				CLANG_ANALYZER_NONNULL = YES;
				CLANG_ANALYZER_NUMBER_OBJECT_CONVERSION = YES_AGGRESSIVE;
				CLANG_CXX_LANGUAGE_STANDARD = "gnu++0x";
				CLANG_CXX_LIBRARY = "libc++";
				CLANG_ENABLE_MODULES = YES;
				CLANG_ENABLE_OBJC_ARC = YES;
				CLANG_WARN_BOOL_CONVERSION = YES;
				CLANG_WARN_CONSTANT_CONVERSION = YES;
				CLANG_WARN_DIRECT_OBJC_ISA_USAGE = YES_ERROR;
				CLANG_WARN_DOCUMENTATION_COMMENTS = YES;
				CLANG_WARN_EMPTY_BODY = YES;
				CLANG_WARN_ENUM_CONVERSION = YES;
				CLANG_WARN_INFINITE_RECURSION = YES;
				CLANG_WARN_INT_CONVERSION = YES;
				CLANG_WARN_OBJC_ROOT_CLASS = YES_ERROR;
				CLANG_WARN_SUSPICIOUS_MOVE = YES;
				CLANG_WARN_UNREACHABLE_CODE = YES;
				CLANG_WARN__DUPLICATE_METHOD_MATCH = YES;
				"CODE_SIGN_IDENTITY[sdk=iphoneos*]" = "iPhone Developer";
				COPY_PHASE_STRIP = NO;
				DEBUG_INFORMATION_FORMAT = dwarf;
				ENABLE_STRICT_OBJC_MSGSEND = YES;
				ENABLE_TESTABILITY = YES;
				GCC_C_LANGUAGE_STANDARD = gnu99;
				GCC_DYNAMIC_NO_PIC = NO;
				GCC_NO_COMMON_BLOCKS = YES;
				GCC_OPTIMIZATION_LEVEL = 0;
				GCC_PREPROCESSOR_DEFINITIONS = (
					"DEBUG=1",
					"$(inherited)",
				);
				GCC_WARN_64_TO_32_BIT_CONVERSION = YES;
				GCC_WARN_ABOUT_RETURN_TYPE = YES_ERROR;
				GCC_WARN_UNDECLARED_SELECTOR = YES;
				GCC_WARN_UNINITIALIZED_AUTOS = YES_AGGRESSIVE;
				GCC_WARN_UNUSED_FUNCTION = YES;
				GCC_WARN_UNUSED_VARIABLE = YES;
				IPHONEOS_DEPLOYMENT_TARGET = 10.3;
				MTL_ENABLE_DEBUG_INFO = YES;
				ONLY_ACTIVE_ARCH = YES;
				SDKROOT = iphoneos;
				SWIFT_ACTIVE_COMPILATION_CONDITIONS = DEBUG;
				SWIFT_OPTIMIZATION_LEVEL = "-Onone";
			};
			name = Debug;
		};
		BB8757FD1EADD23B00E647FC /* Release */ = {
			isa = XCBuildConfiguration;
			buildSettings = {
				ALWAYS_SEARCH_USER_PATHS = NO;
				CLANG_ANALYZER_NONNULL = YES;
				CLANG_ANALYZER_NUMBER_OBJECT_CONVERSION = YES_AGGRESSIVE;
				CLANG_CXX_LANGUAGE_STANDARD = "gnu++0x";
				CLANG_CXX_LIBRARY = "libc++";
				CLANG_ENABLE_MODULES = YES;
				CLANG_ENABLE_OBJC_ARC = YES;
				CLANG_WARN_BOOL_CONVERSION = YES;
				CLANG_WARN_CONSTANT_CONVERSION = YES;
				CLANG_WARN_DIRECT_OBJC_ISA_USAGE = YES_ERROR;
				CLANG_WARN_DOCUMENTATION_COMMENTS = YES;
				CLANG_WARN_EMPTY_BODY = YES;
				CLANG_WARN_ENUM_CONVERSION = YES;
				CLANG_WARN_INFINITE_RECURSION = YES;
				CLANG_WARN_INT_CONVERSION = YES;
				CLANG_WARN_OBJC_ROOT_CLASS = YES_ERROR;
				CLANG_WARN_SUSPICIOUS_MOVE = YES;
				CLANG_WARN_UNREACHABLE_CODE = YES;
				CLANG_WARN__DUPLICATE_METHOD_MATCH = YES;
				"CODE_SIGN_IDENTITY[sdk=iphoneos*]" = "iPhone Developer";
				COPY_PHASE_STRIP = NO;
				DEBUG_INFORMATION_FORMAT = "dwarf-with-dsym";
				ENABLE_NS_ASSERTIONS = NO;
				ENABLE_STRICT_OBJC_MSGSEND = YES;
				GCC_C_LANGUAGE_STANDARD = gnu99;
				GCC_NO_COMMON_BLOCKS = YES;
				GCC_WARN_64_TO_32_BIT_CONVERSION = YES;
				GCC_WARN_ABOUT_RETURN_TYPE = YES_ERROR;
				GCC_WARN_UNDECLARED_SELECTOR = YES;
				GCC_WARN_UNINITIALIZED_AUTOS = YES_AGGRESSIVE;
				GCC_WARN_UNUSED_FUNCTION = YES;
				GCC_WARN_UNUSED_VARIABLE = YES;
				IPHONEOS_DEPLOYMENT_TARGET = 10.3;
				MTL_ENABLE_DEBUG_INFO = NO;
				SDKROOT = iphoneos;
				SWIFT_OPTIMIZATION_LEVEL = "-Owholemodule";
				VALIDATE_PRODUCT = YES;
			};
			name = Release;
		};
		BB8757FF1EADD23B00E647FC /* Debug */ = {
			isa = XCBuildConfiguration;
			buildSettings = {
				ASSETCATALOG_COMPILER_APPICON_NAME = AppIcon;
				FRAMEWORK_SEARCH_PATHS = (
					../../../GNAdSDK/Framework,
					"$(inherited)",
				);
				HEADER_SEARCH_PATHS = (
					"${SDKROOT}/usr/include/libxml2",
					/Applications/Xcode.app/Contents/Developer/Toolchains/XcodeDefault.xctoolchain/usr/include,
					"$(inherited)",
				);
				INFOPLIST_FILE = GNAdSampleMultipleNative/Info.plist;
				IPHONEOS_DEPLOYMENT_TARGET = 8.0;
				LD_RUNPATH_SEARCH_PATHS = "$(inherited) @executable_path/Frameworks";
				PRODUCT_BUNDLE_IDENTIFIER = jp.com.geniee.GNAdSampleMultipleNative;
				PRODUCT_NAME = "$(TARGET_NAME)";
				SWIFT_OBJC_BRIDGING_HEADER = "GNAdSampleMultipleNative-Bridging-Header.h";
				SWIFT_VERSION = 3.0;
			};
			name = Debug;
		};
		BB8758001EADD23B00E647FC /* Release */ = {
			isa = XCBuildConfiguration;
			buildSettings = {
				ASSETCATALOG_COMPILER_APPICON_NAME = AppIcon;
				FRAMEWORK_SEARCH_PATHS = (
					../../../GNAdSDK/Framework,
					"$(inherited)",
				);
				HEADER_SEARCH_PATHS = (
					"${SDKROOT}/usr/include/libxml2",
					/Applications/Xcode.app/Contents/Developer/Toolchains/XcodeDefault.xctoolchain/usr/include,
					"$(inherited)",
				);
				INFOPLIST_FILE = GNAdSampleMultipleNative/Info.plist;
				IPHONEOS_DEPLOYMENT_TARGET = 8.0;
				LD_RUNPATH_SEARCH_PATHS = "$(inherited) @executable_path/Frameworks";
				PRODUCT_BUNDLE_IDENTIFIER = jp.com.geniee.GNAdSampleMultipleNative;
				PRODUCT_NAME = "$(TARGET_NAME)";
				SWIFT_OBJC_BRIDGING_HEADER = "GNAdSampleMultipleNative-Bridging-Header.h";
				SWIFT_VERSION = 3.0;
			};
			name = Release;
		};
/* End XCBuildConfiguration section */

/* Begin XCConfigurationList section */
		BB8757E71EADD23A00E647FC /* Build configuration list for PBXProject "GNAdSampleMultipleNative" */ = {
			isa = XCConfigurationList;
			buildConfigurations = (
				BB8757FC1EADD23B00E647FC /* Debug */,
				BB8757FD1EADD23B00E647FC /* Release */,
			);
			defaultConfigurationIsVisible = 0;
			defaultConfigurationName = Release;
		};
		BB8757FE1EADD23B00E647FC /* Build configuration list for PBXNativeTarget "GNAdSampleMultipleNative" */ = {
			isa = XCConfigurationList;
			buildConfigurations = (
				BB8757FF1EADD23B00E647FC /* Debug */,
				BB8758001EADD23B00E647FC /* Release */,
			);
			defaultConfigurationIsVisible = 0;
			defaultConfigurationName = Release;
		};
/* End XCConfigurationList section */
	};
	rootObject = BB8757E41EADD23A00E647FC /* Project object */;
}
