// !$*UTF8*$!
{
	archiveVersion = 1;
	classes = {
	};
	objectVersion = 52;
	objects = {

/* Begin PBXBuildFile section */
		B654224B1E6AE2CD00655928 /* GNAdSDK.xcframework in Frameworks */ = {isa = PBXBuildFile; fileRef = B65422491E6AE2CD00655928 /* GNAdSDK.xcframework */; };
		B6858D111C806D2E00462735 /* DDXMLElementAdditions.m in Sources */ = {isa = PBXBuildFile; fileRef = B6858D001C806D2E00462735 /* DDXMLElementAdditions.m */; };
		B6858D121C806D2E00462735 /* NSString+DDXML.m in Sources */ = {isa = PBXBuildFile; fileRef = B6858D031C806D2E00462735 /* NSString+DDXML.m */; };
		B6858D131C806D2E00462735 /* DDXMLDocument.m in Sources */ = {isa = PBXBuildFile; fileRef = B6858D061C806D2E00462735 /* DDXMLDocument.m */; };
		B6858D141C806D2E00462735 /* DDXMLElement.m in Sources */ = {isa = PBXBuildFile; fileRef = B6858D081C806D2E00462735 /* DDXMLElement.m */; };
		B6858D151C806D2E00462735 /* DDXMLNode.m in Sources */ = {isa = PBXBuildFile; fileRef = B6858D0A1C806D2E00462735 /* DDXMLNode.m */; };
		B6858D161C806D2E00462735 /* Reachability.m in Sources */ = {isa = PBXBuildFile; fileRef = B6858D0F1C806D2E00462735 /* Reachability.m */; };
		EF5D904424E3E82300857B13 /* AppTrackingTransparency.framework in Frameworks */ = {isa = PBXBuildFile; fileRef = EF5D904324E3E82300857B13 /* AppTrackingTransparency.framework */; };
		FE099ED21A46DB1500A5455B /* main.m in Sources */ = {isa = PBXBuildFile; fileRef = FE099ED11A46DB1500A5455B /* main.m */; };
		FE099ED51A46DB1500A5455B /* AppDelegate.m in Sources */ = {isa = PBXBuildFile; fileRef = FE099ED41A46DB1500A5455B /* AppDelegate.m */; };
		FE099ED81A46DB1500A5455B /* ViewController.m in Sources */ = {isa = PBXBuildFile; fileRef = FE099ED71A46DB1500A5455B /* ViewController.m */; };
		FE099EDB1A46DB1500A5455B /* Main.storyboard in Resources */ = {isa = PBXBuildFile; fileRef = FE099ED91A46DB1500A5455B /* Main.storyboard */; };
		FE099EDD1A46DB1500A5455B /* Images.xcassets in Resources */ = {isa = PBXBuildFile; fileRef = FE099EDC1A46DB1500A5455B /* Images.xcassets */; };
		FE099EE01A46DB1500A5455B /* LaunchScreen.xib in Resources */ = {isa = PBXBuildFile; fileRef = FE099EDE1A46DB1500A5455B /* LaunchScreen.xib */; };
		FE099EF61A46DBCC00A5455B /* icon_geniee.png in Resources */ = {isa = PBXBuildFile; fileRef = FE099EF51A46DBCC00A5455B /* icon_geniee.png */; };
		FE099F1D1A46DFA800A5455B /* UIKit.framework in Frameworks */ = {isa = PBXBuildFile; fileRef = FE099F1C1A46DFA800A5455B /* UIKit.framework */; };
		FE099F1F1A46F5A300A5455B /* AdSupport.framework in Frameworks */ = {isa = PBXBuildFile; fileRef = FE099F1E1A46F5A300A5455B /* AdSupport.framework */; };
		FE099F211A46F5AB00A5455B /* CoreGraphics.framework in Frameworks */ = {isa = PBXBuildFile; fileRef = FE099F201A46F5AB00A5455B /* CoreGraphics.framework */; };
		FE099F231A46F5B400A5455B /* CoreLocation.framework in Frameworks */ = {isa = PBXBuildFile; fileRef = FE099F221A46F5B400A5455B /* CoreLocation.framework */; };
		FE099F251A46F5BA00A5455B /* CoreTelephony.framework in Frameworks */ = {isa = PBXBuildFile; fileRef = FE099F241A46F5BA00A5455B /* CoreTelephony.framework */; };
		FE099F271A46F5C000A5455B /* libxml2.dylib in Frameworks */ = {isa = PBXBuildFile; fileRef = FE099F261A46F5C000A5455B /* libxml2.dylib */; };
		FE099F291A46F5C900A5455B /* SystemConfiguration.framework in Frameworks */ = {isa = PBXBuildFile; fileRef = FE099F281A46F5C900A5455B /* SystemConfiguration.framework */; };
		FE099F2B1A46F5D000A5455B /* AVFoundation.framework in Frameworks */ = {isa = PBXBuildFile; fileRef = FE099F2A1A46F5D000A5455B /* AVFoundation.framework */; };
		FE099F2D1A46F5DA00A5455B /* AudioToolbox.framework in Frameworks */ = {isa = PBXBuildFile; fileRef = FE099F2C1A46F5DA00A5455B /* AudioToolbox.framework */; };
		FE099F2F1A46F5F900A5455B /* CoreFoundation.framework in Frameworks */ = {isa = PBXBuildFile; fileRef = FE099F2E1A46F5F900A5455B /* CoreFoundation.framework */; };
		FE099F311A46F5FF00A5455B /* CoreMedia.framework in Frameworks */ = {isa = PBXBuildFile; fileRef = FE099F301A46F5FF00A5455B /* CoreMedia.framework */; };
		FE099F331A46F60500A5455B /* QuartzCore.framework in Frameworks */ = {isa = PBXBuildFile; fileRef = FE099F321A46F60500A5455B /* QuartzCore.framework */; };
		FE099F351A46F60B00A5455B /* MessageUI.framework in Frameworks */ = {isa = PBXBuildFile; fileRef = FE099F341A46F60B00A5455B /* MessageUI.framework */; };
		FE099F371A46F61000A5455B /* Foundation.framework in Frameworks */ = {isa = PBXBuildFile; fileRef = FE099F361A46F61000A5455B /* Foundation.framework */; };
		FE099F3B1A46F7A800A5455B /* UIView+Toast.m in Sources */ = {isa = PBXBuildFile; fileRef = FE099F3A1A46F7A800A5455B /* UIView+Toast.m */; };
/* End PBXBuildFile section */

/* Begin PBXFileReference section */
		B65422491E6AE2CD00655928 /* GNAdSDK.xcframework */ = {isa = PBXFileReference; lastKnownFileType = wrapper.xcframework; path = GNAdSDK.xcframework; sourceTree = "<group>"; };
		B6858CFF1C806D2E00462735 /* DDXMLElementAdditions.h */ = {isa = PBXFileReference; fileEncoding = 4; lastKnownFileType = sourcecode.c.h; path = DDXMLElementAdditions.h; sourceTree = "<group>"; };
		B6858D001C806D2E00462735 /* DDXMLElementAdditions.m */ = {isa = PBXFileReference; fileEncoding = 4; lastKnownFileType = sourcecode.c.objc; path = DDXMLElementAdditions.m; sourceTree = "<group>"; };
		B6858D021C806D2E00462735 /* NSString+DDXML.h */ = {isa = PBXFileReference; fileEncoding = 4; lastKnownFileType = sourcecode.c.h; path = "NSString+DDXML.h"; sourceTree = "<group>"; };
		B6858D031C806D2E00462735 /* NSString+DDXML.m */ = {isa = PBXFileReference; fileEncoding = 4; lastKnownFileType = sourcecode.c.objc; path = "NSString+DDXML.m"; sourceTree = "<group>"; };
		B6858D041C806D2E00462735 /* DDXML.h */ = {isa = PBXFileReference; fileEncoding = 4; lastKnownFileType = sourcecode.c.h; path = DDXML.h; sourceTree = "<group>"; };
		B6858D051C806D2E00462735 /* DDXMLDocument.h */ = {isa = PBXFileReference; fileEncoding = 4; lastKnownFileType = sourcecode.c.h; path = DDXMLDocument.h; sourceTree = "<group>"; };
		B6858D061C806D2E00462735 /* DDXMLDocument.m */ = {isa = PBXFileReference; fileEncoding = 4; lastKnownFileType = sourcecode.c.objc; path = DDXMLDocument.m; sourceTree = "<group>"; };
		B6858D071C806D2E00462735 /* DDXMLElement.h */ = {isa = PBXFileReference; fileEncoding = 4; lastKnownFileType = sourcecode.c.h; path = DDXMLElement.h; sourceTree = "<group>"; };
		B6858D081C806D2E00462735 /* DDXMLElement.m */ = {isa = PBXFileReference; fileEncoding = 4; lastKnownFileType = sourcecode.c.objc; path = DDXMLElement.m; sourceTree = "<group>"; };
		B6858D091C806D2E00462735 /* DDXMLNode.h */ = {isa = PBXFileReference; fileEncoding = 4; lastKnownFileType = sourcecode.c.h; path = DDXMLNode.h; sourceTree = "<group>"; };
		B6858D0A1C806D2E00462735 /* DDXMLNode.m */ = {isa = PBXFileReference; fileEncoding = 4; lastKnownFileType = sourcecode.c.objc; path = DDXMLNode.m; sourceTree = "<group>"; };
		B6858D0C1C806D2E00462735 /* DDXMLPrivate.h */ = {isa = PBXFileReference; fileEncoding = 4; lastKnownFileType = sourcecode.c.h; path = DDXMLPrivate.h; sourceTree = "<group>"; };
		B6858D0E1C806D2E00462735 /* Reachability.h */ = {isa = PBXFileReference; fileEncoding = 4; lastKnownFileType = sourcecode.c.h; path = Reachability.h; sourceTree = "<group>"; };
		B6858D0F1C806D2E00462735 /* Reachability.m */ = {isa = PBXFileReference; fileEncoding = 4; lastKnownFileType = sourcecode.c.objc; path = Reachability.m; sourceTree = "<group>"; };
		EF5D904324E3E82300857B13 /* AppTrackingTransparency.framework */ = {isa = PBXFileReference; lastKnownFileType = wrapper.framework; name = AppTrackingTransparency.framework; path = System/Library/Frameworks/AppTrackingTransparency.framework; sourceTree = SDKROOT; };
		FE099ECC1A46DB1500A5455B /* GNAdSampleVideo.app */ = {isa = PBXFileReference; explicitFileType = wrapper.application; includeInIndex = 0; path = GNAdSampleVideo.app; sourceTree = BUILT_PRODUCTS_DIR; };
		FE099ED01A46DB1500A5455B /* Info.plist */ = {isa = PBXFileReference; lastKnownFileType = text.plist.xml; path = Info.plist; sourceTree = "<group>"; };
		FE099ED11A46DB1500A5455B /* main.m */ = {isa = PBXFileReference; lastKnownFileType = sourcecode.c.objc; path = main.m; sourceTree = "<group>"; };
		FE099ED31A46DB1500A5455B /* AppDelegate.h */ = {isa = PBXFileReference; lastKnownFileType = sourcecode.c.h; path = AppDelegate.h; sourceTree = "<group>"; };
		FE099ED41A46DB1500A5455B /* AppDelegate.m */ = {isa = PBXFileReference; lastKnownFileType = sourcecode.c.objc; path = AppDelegate.m; sourceTree = "<group>"; };
		FE099ED61A46DB1500A5455B /* ViewController.h */ = {isa = PBXFileReference; lastKnownFileType = sourcecode.c.h; path = ViewController.h; sourceTree = "<group>"; };
		FE099ED71A46DB1500A5455B /* ViewController.m */ = {isa = PBXFileReference; lastKnownFileType = sourcecode.c.objc; path = ViewController.m; sourceTree = "<group>"; };
		FE099EDA1A46DB1500A5455B /* Base */ = {isa = PBXFileReference; lastKnownFileType = file.storyboard; name = Base; path = Base.lproj/Main.storyboard; sourceTree = "<group>"; };
		FE099EDC1A46DB1500A5455B /* Images.xcassets */ = {isa = PBXFileReference; lastKnownFileType = folder.assetcatalog; path = Images.xcassets; sourceTree = "<group>"; };
		FE099EDF1A46DB1500A5455B /* Base */ = {isa = PBXFileReference; lastKnownFileType = file.xib; name = Base; path = Base.lproj/LaunchScreen.xib; sourceTree = "<group>"; };
		FE099EF51A46DBCC00A5455B /* icon_geniee.png */ = {isa = PBXFileReference; lastKnownFileType = image.png; path = icon_geniee.png; sourceTree = "<group>"; };
		FE099F1C1A46DFA800A5455B /* UIKit.framework */ = {isa = PBXFileReference; lastKnownFileType = wrapper.framework; name = UIKit.framework; path = System/Library/Frameworks/UIKit.framework; sourceTree = SDKROOT; };
		FE099F1E1A46F5A300A5455B /* AdSupport.framework */ = {isa = PBXFileReference; lastKnownFileType = wrapper.framework; name = AdSupport.framework; path = System/Library/Frameworks/AdSupport.framework; sourceTree = SDKROOT; };
		FE099F201A46F5AB00A5455B /* CoreGraphics.framework */ = {isa = PBXFileReference; lastKnownFileType = wrapper.framework; name = CoreGraphics.framework; path = System/Library/Frameworks/CoreGraphics.framework; sourceTree = SDKROOT; };
		FE099F221A46F5B400A5455B /* CoreLocation.framework */ = {isa = PBXFileReference; lastKnownFileType = wrapper.framework; name = CoreLocation.framework; path = System/Library/Frameworks/CoreLocation.framework; sourceTree = SDKROOT; };
		FE099F241A46F5BA00A5455B /* CoreTelephony.framework */ = {isa = PBXFileReference; lastKnownFileType = wrapper.framework; name = CoreTelephony.framework; path = System/Library/Frameworks/CoreTelephony.framework; sourceTree = SDKROOT; };
		FE099F261A46F5C000A5455B /* libxml2.dylib */ = {isa = PBXFileReference; lastKnownFileType = "compiled.mach-o.dylib"; name = libxml2.dylib; path = usr/lib/libxml2.dylib; sourceTree = SDKROOT; };
		FE099F281A46F5C900A5455B /* SystemConfiguration.framework */ = {isa = PBXFileReference; lastKnownFileType = wrapper.framework; name = SystemConfiguration.framework; path = System/Library/Frameworks/SystemConfiguration.framework; sourceTree = SDKROOT; };
		FE099F2A1A46F5D000A5455B /* AVFoundation.framework */ = {isa = PBXFileReference; lastKnownFileType = wrapper.framework; name = AVFoundation.framework; path = System/Library/Frameworks/AVFoundation.framework; sourceTree = SDKROOT; };
		FE099F2C1A46F5DA00A5455B /* AudioToolbox.framework */ = {isa = PBXFileReference; lastKnownFileType = wrapper.framework; name = AudioToolbox.framework; path = System/Library/Frameworks/AudioToolbox.framework; sourceTree = SDKROOT; };
		FE099F2E1A46F5F900A5455B /* CoreFoundation.framework */ = {isa = PBXFileReference; lastKnownFileType = wrapper.framework; name = CoreFoundation.framework; path = System/Library/Frameworks/CoreFoundation.framework; sourceTree = SDKROOT; };
		FE099F301A46F5FF00A5455B /* CoreMedia.framework */ = {isa = PBXFileReference; lastKnownFileType = wrapper.framework; name = CoreMedia.framework; path = System/Library/Frameworks/CoreMedia.framework; sourceTree = SDKROOT; };
		FE099F321A46F60500A5455B /* QuartzCore.framework */ = {isa = PBXFileReference; lastKnownFileType = wrapper.framework; name = QuartzCore.framework; path = System/Library/Frameworks/QuartzCore.framework; sourceTree = SDKROOT; };
		FE099F341A46F60B00A5455B /* MessageUI.framework */ = {isa = PBXFileReference; lastKnownFileType = wrapper.framework; name = MessageUI.framework; path = System/Library/Frameworks/MessageUI.framework; sourceTree = SDKROOT; };
		FE099F361A46F61000A5455B /* Foundation.framework */ = {isa = PBXFileReference; lastKnownFileType = wrapper.framework; name = Foundation.framework; path = System/Library/Frameworks/Foundation.framework; sourceTree = SDKROOT; };
		FE099F391A46F7A800A5455B /* UIView+Toast.h */ = {isa = PBXFileReference; fileEncoding = 4; lastKnownFileType = sourcecode.c.h; path = "UIView+Toast.h"; sourceTree = "<group>"; };
		FE099F3A1A46F7A800A5455B /* UIView+Toast.m */ = {isa = PBXFileReference; fileEncoding = 4; lastKnownFileType = sourcecode.c.objc; path = "UIView+Toast.m"; sourceTree = "<group>"; };
/* End PBXFileReference section */

/* Begin PBXFrameworksBuildPhase section */
		FE099EC91A46DB1500A5455B /* Frameworks */ = {
			isa = PBXFrameworksBuildPhase;
			buildActionMask = 2147483647;
			files = (
				FE099F371A46F61000A5455B /* Foundation.framework in Frameworks */,
				EF5D904424E3E82300857B13 /* AppTrackingTransparency.framework in Frameworks */,
				FE099F351A46F60B00A5455B /* MessageUI.framework in Frameworks */,
				FE099F331A46F60500A5455B /* QuartzCore.framework in Frameworks */,
				FE099F311A46F5FF00A5455B /* CoreMedia.framework in Frameworks */,
				B654224B1E6AE2CD00655928 /* GNAdSDK.xcframework in Frameworks */,
				FE099F2F1A46F5F900A5455B /* CoreFoundation.framework in Frameworks */,
				FE099F2D1A46F5DA00A5455B /* AudioToolbox.framework in Frameworks */,
				FE099F2B1A46F5D000A5455B /* AVFoundation.framework in Frameworks */,
				FE099F291A46F5C900A5455B /* SystemConfiguration.framework in Frameworks */,
				FE099F271A46F5C000A5455B /* libxml2.dylib in Frameworks */,
				FE099F251A46F5BA00A5455B /* CoreTelephony.framework in Frameworks */,
				FE099F231A46F5B400A5455B /* CoreLocation.framework in Frameworks */,
				FE099F211A46F5AB00A5455B /* CoreGraphics.framework in Frameworks */,
				FE099F1F1A46F5A300A5455B /* AdSupport.framework in Frameworks */,
				FE099F1D1A46DFA800A5455B /* UIKit.framework in Frameworks */,
			);
			runOnlyForDeploymentPostprocessing = 0;
		};
/* End PBXFrameworksBuildPhase section */

/* Begin PBXGroup section */
		B65422471E6AE2CD00655928 /* Framework */ = {
			isa = PBXGroup;
			children = (
				B65422491E6AE2CD00655928 /* GNAdSDK.xcframework */,
			);
			path = Framework;
			sourceTree = "<group>";
		};
		B6858CFA1C806D2E00462735 /* GNAdSDK */ = {
			isa = PBXGroup;
			children = (
				B65422471E6AE2CD00655928 /* Framework */,
				B6858CFC1C806D2E00462735 /* libs */,
			);
			name = GNAdSDK;
			path = ../../../GNAdSDK;
			sourceTree = "<group>";
		};
		B6858CFC1C806D2E00462735 /* libs */ = {
			isa = PBXGroup;
			children = (
				B6858CFD1C806D2E00462735 /* KissXML */,
				B6858D0D1C806D2E00462735 /* Reachability */,
			);
			path = libs;
			sourceTree = "<group>";
		};
		B6858CFD1C806D2E00462735 /* KissXML */ = {
			isa = PBXGroup;
			children = (
				B6858CFE1C806D2E00462735 /* Additions */,
				B6858D011C806D2E00462735 /* Categories */,
				B6858D041C806D2E00462735 /* DDXML.h */,
				B6858D051C806D2E00462735 /* DDXMLDocument.h */,
				B6858D061C806D2E00462735 /* DDXMLDocument.m */,
				B6858D071C806D2E00462735 /* DDXMLElement.h */,
				B6858D081C806D2E00462735 /* DDXMLElement.m */,
				B6858D091C806D2E00462735 /* DDXMLNode.h */,
				B6858D0A1C806D2E00462735 /* DDXMLNode.m */,
				B6858D0B1C806D2E00462735 /* Private */,
			);
			path = KissXML;
			sourceTree = "<group>";
		};
		B6858CFE1C806D2E00462735 /* Additions */ = {
			isa = PBXGroup;
			children = (
				B6858CFF1C806D2E00462735 /* DDXMLElementAdditions.h */,
				B6858D001C806D2E00462735 /* DDXMLElementAdditions.m */,
			);
			path = Additions;
			sourceTree = "<group>";
		};
		B6858D011C806D2E00462735 /* Categories */ = {
			isa = PBXGroup;
			children = (
				B6858D021C806D2E00462735 /* NSString+DDXML.h */,
				B6858D031C806D2E00462735 /* NSString+DDXML.m */,
			);
			path = Categories;
			sourceTree = "<group>";
		};
		B6858D0B1C806D2E00462735 /* Private */ = {
			isa = PBXGroup;
			children = (
				B6858D0C1C806D2E00462735 /* DDXMLPrivate.h */,
			);
			path = Private;
			sourceTree = "<group>";
		};
		B6858D0D1C806D2E00462735 /* Reachability */ = {
			isa = PBXGroup;
			children = (
				B6858D0E1C806D2E00462735 /* Reachability.h */,
				B6858D0F1C806D2E00462735 /* Reachability.m */,
			);
			path = Reachability;
			sourceTree = "<group>";
		};
		FE099EC31A46DB1500A5455B = {
			isa = PBXGroup;
			children = (
				B6858CFA1C806D2E00462735 /* GNAdSDK */,
				FE099F381A46F7A800A5455B /* Toast */,
				FE099F1B1A46DF7B00A5455B /* Frameworks */,
				FE099ECE1A46DB1500A5455B /* GNAdSampleVideo */,
				FE099ECD1A46DB1500A5455B /* Products */,
			);
			sourceTree = "<group>";
		};
		FE099ECD1A46DB1500A5455B /* Products */ = {
			isa = PBXGroup;
			children = (
				FE099ECC1A46DB1500A5455B /* GNAdSampleVideo.app */,
			);
			name = Products;
			sourceTree = "<group>";
		};
		FE099ECE1A46DB1500A5455B /* GNAdSampleVideo */ = {
			isa = PBXGroup;
			children = (
				FE099ED31A46DB1500A5455B /* AppDelegate.h */,
				FE099ED41A46DB1500A5455B /* AppDelegate.m */,
				FE099ED61A46DB1500A5455B /* ViewController.h */,
				FE099ED71A46DB1500A5455B /* ViewController.m */,
				FE099ED91A46DB1500A5455B /* Main.storyboard */,
				FE099EDC1A46DB1500A5455B /* Images.xcassets */,
				FE099EDE1A46DB1500A5455B /* LaunchScreen.xib */,
				FE099ECF1A46DB1500A5455B /* Supporting Files */,
			);
			path = GNAdSampleVideo;
			sourceTree = "<group>";
		};
		FE099ECF1A46DB1500A5455B /* Supporting Files */ = {
			isa = PBXGroup;
			children = (
				FE099EF51A46DBCC00A5455B /* icon_geniee.png */,
				FE099ED01A46DB1500A5455B /* Info.plist */,
				FE099ED11A46DB1500A5455B /* main.m */,
			);
			name = "Supporting Files";
			sourceTree = "<group>";
		};
		FE099F1B1A46DF7B00A5455B /* Frameworks */ = {
			isa = PBXGroup;
			children = (
				EF5D904324E3E82300857B13 /* AppTrackingTransparency.framework */,
				FE099F361A46F61000A5455B /* Foundation.framework */,
				FE099F341A46F60B00A5455B /* MessageUI.framework */,
				FE099F321A46F60500A5455B /* QuartzCore.framework */,
				FE099F301A46F5FF00A5455B /* CoreMedia.framework */,
				FE099F2E1A46F5F900A5455B /* CoreFoundation.framework */,
				FE099F2C1A46F5DA00A5455B /* AudioToolbox.framework */,
				FE099F2A1A46F5D000A5455B /* AVFoundation.framework */,
				FE099F281A46F5C900A5455B /* SystemConfiguration.framework */,
				FE099F261A46F5C000A5455B /* libxml2.dylib */,
				FE099F241A46F5BA00A5455B /* CoreTelephony.framework */,
				FE099F221A46F5B400A5455B /* CoreLocation.framework */,
				FE099F201A46F5AB00A5455B /* CoreGraphics.framework */,
				FE099F1E1A46F5A300A5455B /* AdSupport.framework */,
				FE099F1C1A46DFA800A5455B /* UIKit.framework */,
			);
			name = Frameworks;
			sourceTree = "<group>";
		};
		FE099F381A46F7A800A5455B /* Toast */ = {
			isa = PBXGroup;
			children = (
				FE099F391A46F7A800A5455B /* UIView+Toast.h */,
				FE099F3A1A46F7A800A5455B /* UIView+Toast.m */,
			);
			path = Toast;
			sourceTree = "<group>";
		};
/* End PBXGroup section */

/* Begin PBXNativeTarget section */
		FE099ECB1A46DB1500A5455B /* GNAdSampleVideo */ = {
			isa = PBXNativeTarget;
			buildConfigurationList = FE099EEF1A46DB1500A5455B /* Build configuration list for PBXNativeTarget "GNAdSampleVideo" */;
			buildPhases = (
				FE099EC81A46DB1500A5455B /* Sources */,
				FE099EC91A46DB1500A5455B /* Frameworks */,
				FE099ECA1A46DB1500A5455B /* Resources */,
			);
			buildRules = (
			);
			dependencies = (
			);
			name = GNAdSampleVideo;
			productName = GNAdSampleVideo;
			productReference = FE099ECC1A46DB1500A5455B /* GNAdSampleVideo.app */;
			productType = "com.apple.product-type.application";
		};
/* End PBXNativeTarget section */

/* Begin PBXProject section */
		FE099EC41A46DB1500A5455B /* Project object */ = {
			isa = PBXProject;
			attributes = {
				LastUpgradeCheck = 0800;
				ORGANIZATIONNAME = Geniee;
				TargetAttributes = {
					FE099ECB1A46DB1500A5455B = {
						CreatedOnToolsVersion = 6.1.1;
						DevelopmentTeam = RKMVWZ32F4;
					};
				};
			};
			buildConfigurationList = FE099EC71A46DB1500A5455B /* Build configuration list for PBXProject "GNAdSampleVideo" */;
			compatibilityVersion = "Xcode 3.2";
			developmentRegion = English;
			hasScannedForEncodings = 0;
			knownRegions = (
				English,
				en,
				Base,
			);
			mainGroup = FE099EC31A46DB1500A5455B;
			productRefGroup = FE099ECD1A46DB1500A5455B /* Products */;
			projectDirPath = "";
			projectRoot = "";
			targets = (
				FE099ECB1A46DB1500A5455B /* GNAdSampleVideo */,
			);
		};
/* End PBXProject section */

/* Begin PBXResourcesBuildPhase section */
		FE099ECA1A46DB1500A5455B /* Resources */ = {
			isa = PBXResourcesBuildPhase;
			buildActionMask = 2147483647;
			files = (
				FE099EDB1A46DB1500A5455B /* Main.storyboard in Resources */,
				FE099EE01A46DB1500A5455B /* LaunchScreen.xib in Resources */,
				FE099EDD1A46DB1500A5455B /* Images.xcassets in Resources */,
				FE099EF61A46DBCC00A5455B /* icon_geniee.png in Resources */,
			);
			runOnlyForDeploymentPostprocessing = 0;
		};
/* End PBXResourcesBuildPhase section */

/* Begin PBXSourcesBuildPhase section */
		FE099EC81A46DB1500A5455B /* Sources */ = {
			isa = PBXSourcesBuildPhase;
			buildActionMask = 2147483647;
			files = (
				B6858D151C806D2E00462735 /* DDXMLNode.m in Sources */,
				FE099ED81A46DB1500A5455B /* ViewController.m in Sources */,
				FE099ED51A46DB1500A5455B /* AppDelegate.m in Sources */,
				FE099ED21A46DB1500A5455B /* main.m in Sources */,
				B6858D161C806D2E00462735 /* Reachability.m in Sources */,
				B6858D121C806D2E00462735 /* NSString+DDXML.m in Sources */,
				B6858D141C806D2E00462735 /* DDXMLElement.m in Sources */,
				B6858D131C806D2E00462735 /* DDXMLDocument.m in Sources */,
				FE099F3B1A46F7A800A5455B /* UIView+Toast.m in Sources */,
				B6858D111C806D2E00462735 /* DDXMLElementAdditions.m in Sources */,
			);
			runOnlyForDeploymentPostprocessing = 0;
		};
/* End PBXSourcesBuildPhase section */

/* Begin PBXVariantGroup section */
		FE099ED91A46DB1500A5455B /* Main.storyboard */ = {
			isa = PBXVariantGroup;
			children = (
				FE099EDA1A46DB1500A5455B /* Base */,
			);
			name = Main.storyboard;
			sourceTree = "<group>";
		};
		FE099EDE1A46DB1500A5455B /* LaunchScreen.xib */ = {
			isa = PBXVariantGroup;
			children = (
				FE099EDF1A46DB1500A5455B /* Base */,
			);
			name = LaunchScreen.xib;
			sourceTree = "<group>";
		};
/* End PBXVariantGroup section */

/* Begin XCBuildConfiguration section */
		FE099EED1A46DB1500A5455B /* Debug */ = {
			isa = XCBuildConfiguration;
			buildSettings = {
				ALWAYS_SEARCH_USER_PATHS = NO;
				CLANG_CXX_LANGUAGE_STANDARD = "gnu++0x";
				CLANG_CXX_LIBRARY = "libc++";
				CLANG_ENABLE_MODULES = YES;
				CLANG_ENABLE_OBJC_ARC = YES;
				CLANG_WARN_BOOL_CONVERSION = YES;
				CLANG_WARN_CONSTANT_CONVERSION = YES;
				CLANG_WARN_DIRECT_OBJC_ISA_USAGE = YES_ERROR;
				CLANG_WARN_EMPTY_BODY = YES;
				CLANG_WARN_ENUM_CONVERSION = YES;
				CLANG_WARN_INFINITE_RECURSION = YES;
				CLANG_WARN_INT_CONVERSION = YES;
				CLANG_WARN_OBJC_ROOT_CLASS = YES_ERROR;
				CLANG_WARN_SUSPICIOUS_MOVE = YES;
				CLANG_WARN_UNREACHABLE_CODE = YES;
				CLANG_WARN__DUPLICATE_METHOD_MATCH = YES;
				"CODE_SIGN_IDENTITY[sdk=iphoneos*]" = "iPhone Developer";
				COPY_PHASE_STRIP = NO;
				ENABLE_STRICT_OBJC_MSGSEND = YES;
				ENABLE_TESTABILITY = YES;
				GCC_C_LANGUAGE_STANDARD = gnu99;
				GCC_DYNAMIC_NO_PIC = NO;
				GCC_NO_COMMON_BLOCKS = YES;
				GCC_OPTIMIZATION_LEVEL = 0;
				GCC_PREPROCESSOR_DEFINITIONS = (
					"DEBUG=1",
					"$(inherited)",
				);
				GCC_SYMBOLS_PRIVATE_EXTERN = NO;
				GCC_WARN_64_TO_32_BIT_CONVERSION = YES;
				GCC_WARN_ABOUT_RETURN_TYPE = YES_ERROR;
				GCC_WARN_UNDECLARED_SELECTOR = YES;
				GCC_WARN_UNINITIALIZED_AUTOS = YES_AGGRESSIVE;
				GCC_WARN_UNUSED_FUNCTION = YES;
				GCC_WARN_UNUSED_VARIABLE = YES;
				IPHONEOS_DEPLOYMENT_TARGET = 8.0;
				MTL_ENABLE_DEBUG_INFO = YES;
				ONLY_ACTIVE_ARCH = YES;
				SDKROOT = iphoneos;
				TARGETED_DEVICE_FAMILY = "1,2";
			};
			name = Debug;
		};
		FE099EEE1A46DB1500A5455B /* Release */ = {
			isa = XCBuildConfiguration;
			buildSettings = {
				ALWAYS_SEARCH_USER_PATHS = NO;
				CLANG_CXX_LANGUAGE_STANDARD = "gnu++0x";
				CLANG_CXX_LIBRARY = "libc++";
				CLANG_ENABLE_MODULES = YES;
				CLANG_ENABLE_OBJC_ARC = YES;
				CLANG_WARN_BOOL_CONVERSION = YES;
				CLANG_WARN_CONSTANT_CONVERSION = YES;
				CLANG_WARN_DIRECT_OBJC_ISA_USAGE = YES_ERROR;
				CLANG_WARN_EMPTY_BODY = YES;
				CLANG_WARN_ENUM_CONVERSION = YES;
				CLANG_WARN_INFINITE_RECURSION = YES;
				CLANG_WARN_INT_CONVERSION = YES;
				CLANG_WARN_OBJC_ROOT_CLASS = YES_ERROR;
				CLANG_WARN_SUSPICIOUS_MOVE = YES;
				CLANG_WARN_UNREACHABLE_CODE = YES;
				CLANG_WARN__DUPLICATE_METHOD_MATCH = YES;
				"CODE_SIGN_IDENTITY[sdk=iphoneos*]" = "iPhone Developer";
				COPY_PHASE_STRIP = YES;
				ENABLE_NS_ASSERTIONS = NO;
				ENABLE_STRICT_OBJC_MSGSEND = YES;
				GCC_C_LANGUAGE_STANDARD = gnu99;
				GCC_NO_COMMON_BLOCKS = YES;
				GCC_WARN_64_TO_32_BIT_CONVERSION = YES;
				GCC_WARN_ABOUT_RETURN_TYPE = YES_ERROR;
				GCC_WARN_UNDECLARED_SELECTOR = YES;
				GCC_WARN_UNINITIALIZED_AUTOS = YES_AGGRESSIVE;
				GCC_WARN_UNUSED_FUNCTION = YES;
				GCC_WARN_UNUSED_VARIABLE = YES;
				IPHONEOS_DEPLOYMENT_TARGET = 8.0;
				MTL_ENABLE_DEBUG_INFO = NO;
				SDKROOT = iphoneos;
				TARGETED_DEVICE_FAMILY = "1,2";
				VALIDATE_PRODUCT = YES;
			};
			name = Release;
		};
		FE099EF01A46DB1500A5455B /* Debug */ = {
			isa = XCBuildConfiguration;
			buildSettings = {
				ASSETCATALOG_COMPILER_APPICON_NAME = AppIcon;
				ASSETCATALOG_COMPILER_LAUNCHIMAGE_NAME = LaunchImage;
				DEVELOPMENT_TEAM = RKMVWZ32F4;
				FRAMEWORK_SEARCH_PATHS = (
					"$(inherited)",
					../../../GNAdSDK/Framework,
				);
				HEADER_SEARCH_PATHS = (
					"$(inherited)",
					/Applications/Xcode.app/Contents/Developer/Toolchains/XcodeDefault.xctoolchain/usr/include,
					"${SDKROOT}/usr/include/libxml2",
				);
				INFOPLIST_FILE = GNAdSampleVideo/Info.plist;
				IPHONEOS_DEPLOYMENT_TARGET = 9.0;
				LD_RUNPATH_SEARCH_PATHS = (
					"$(inherited)",
					"@executable_path/Frameworks",
				);
				LIBRARY_SEARCH_PATHS = "$(inherited)";
				OTHER_LDFLAGS = "-lxml2";
				PRODUCT_BUNDLE_IDENTIFIER = "jp.co.geniee.sample.$(PRODUCT_NAME:rfc1034identifier)";
				PRODUCT_NAME = "$(TARGET_NAME)";
			};
			name = Debug;
		};
		FE099EF11A46DB1500A5455B /* Release */ = {
			isa = XCBuildConfiguration;
			buildSettings = {
				ASSETCATALOG_COMPILER_APPICON_NAME = AppIcon;
				ASSETCATALOG_COMPILER_LAUNCHIMAGE_NAME = LaunchImage;
				DEVELOPMENT_TEAM = RKMVWZ32F4;
				FRAMEWORK_SEARCH_PATHS = (
					"$(inherited)",
					../../../GNAdSDK/Framework,
				);
				HEADER_SEARCH_PATHS = (
					"$(inherited)",
					/Applications/Xcode.app/Contents/Developer/Toolchains/XcodeDefault.xctoolchain/usr/include,
					"${SDKROOT}/usr/include/libxml2",
				);
				INFOPLIST_FILE = GNAdSampleVideo/Info.plist;
				IPHONEOS_DEPLOYMENT_TARGET = 9.0;
				LD_RUNPATH_SEARCH_PATHS = (
					"$(inherited)",
					"@executable_path/Frameworks",
				);
				LIBRARY_SEARCH_PATHS = "$(inherited)";
				OTHER_LDFLAGS = "-lxml2";
				PRODUCT_BUNDLE_IDENTIFIER = "jp.co.geniee.sample.$(PRODUCT_NAME:rfc1034identifier)";
				PRODUCT_NAME = "$(TARGET_NAME)";
			};
			name = Release;
		};
/* End XCBuildConfiguration section */

/* Begin XCConfigurationList section */
		FE099EC71A46DB1500A5455B /* Build configuration list for PBXProject "GNAdSampleVideo" */ = {
			isa = XCConfigurationList;
			buildConfigurations = (
				FE099EED1A46DB1500A5455B /* Debug */,
				FE099EEE1A46DB1500A5455B /* Release */,
			);
			defaultConfigurationIsVisible = 0;
			defaultConfigurationName = Release;
		};
		FE099EEF1A46DB1500A5455B /* Build configuration list for PBXNativeTarget "GNAdSampleVideo" */ = {
			isa = XCConfigurationList;
			buildConfigurations = (
				FE099EF01A46DB1500A5455B /* Debug */,
				FE099EF11A46DB1500A5455B /* Release */,
			);
			defaultConfigurationIsVisible = 0;
			defaultConfigurationName = Release;
		};
/* End XCConfigurationList section */
	};
	rootObject = FE099EC41A46DB1500A5455B /* Project object */;
}
